// !$*UTF8*$!
{
	archiveVersion = 1;
	classes = {
	};
	objectVersion = 46;
	objects = {

/* Begin PBXBuildFile section */
		0A5FAD171F69205500FE0A40 /* main.m in Sources */ = {isa = PBXBuildFile; fileRef = 0A5FAD161F69205500FE0A40 /* main.m */; };
		0A5FAD1A1F69205500FE0A40 /* AppDelegate.m in Sources */ = {isa = PBXBuildFile; fileRef = 0A5FAD191F69205500FE0A40 /* AppDelegate.m */; };
		0A5FAD1C1F69205600FE0A40 /* art.scnassets in Resources */ = {isa = PBXBuildFile; fileRef = 0A5FAD1B1F69205600FE0A40 /* art.scnassets */; };
		0A5FAD1F1F69205600FE0A40 /* GameSceneViewController.m in Sources */ = {isa = PBXBuildFile; fileRef = 0A5FAD1E1F69205600FE0A40 /* GameSceneViewController.m */; };
		0A5FAD221F69205600FE0A40 /* Main.storyboard in Resources */ = {isa = PBXBuildFile; fileRef = 0A5FAD201F69205600FE0A40 /* Main.storyboard */; };
		0A5FAD241F69205600FE0A40 /* Assets.xcassets in Resources */ = {isa = PBXBuildFile; fileRef = 0A5FAD231F69205600FE0A40 /* Assets.xcassets */; };
		0A5FAD271F69205600FE0A40 /* LaunchScreen.storyboard in Resources */ = {isa = PBXBuildFile; fileRef = 0A5FAD251F69205600FE0A40 /* LaunchScreen.storyboard */; };
		0A5FAD321F69205600FE0A40 /* RiversTests.m in Sources */ = {isa = PBXBuildFile; fileRef = 0A5FAD311F69205600FE0A40 /* RiversTests.m */; };
		0A5FAD3D1F69205600FE0A40 /* RiversUITests.m in Sources */ = {isa = PBXBuildFile; fileRef = 0A5FAD3C1F69205600FE0A40 /* RiversUITests.m */; };
		0A5FAD4F1F69245C00FE0A40 /* DebugOptions.m in Sources */ = {isa = PBXBuildFile; fileRef = 0A5FAD4E1F69245C00FE0A40 /* DebugOptions.m */; };
		0A5FAD551F692DB400FE0A40 /* MainMenuViewController.m in Sources */ = {isa = PBXBuildFile; fileRef = 0A5FAD541F692DB400FE0A40 /* MainMenuViewController.m */; };
		0A5FAD581F6963CC00FE0A40 /* RiversViewController.m in Sources */ = {isa = PBXBuildFile; fileRef = 0A5FAD571F6963CC00FE0A40 /* RiversViewController.m */; };
		0A5FAD601F69648A00FE0A40 /* GridMenuItem.m in Sources */ = {isa = PBXBuildFile; fileRef = 0A5FAD5B1F69648A00FE0A40 /* GridMenuItem.m */; };
		0A5FAD611F69648A00FE0A40 /* GridMenuScrollView.m in Sources */ = {isa = PBXBuildFile; fileRef = 0A5FAD5D1F69648A00FE0A40 /* GridMenuScrollView.m */; };
		0A5FAD621F69648A00FE0A40 /* GridMenuViewController.m in Sources */ = {isa = PBXBuildFile; fileRef = 0A5FAD5F1F69648A00FE0A40 /* GridMenuViewController.m */; };
		0A5FAD6C1F69650800FE0A40 /* ImageMenuItemView.m in Sources */ = {isa = PBXBuildFile; fileRef = 0A5FAD651F69650800FE0A40 /* ImageMenuItemView.m */; };
		0A5FAD6D1F69650800FE0A40 /* SliderMenuItemView.m in Sources */ = {isa = PBXBuildFile; fileRef = 0A5FAD671F69650800FE0A40 /* SliderMenuItemView.m */; };
		0A5FAD6E1F69650800FE0A40 /* StepperMenuItemView.m in Sources */ = {isa = PBXBuildFile; fileRef = 0A5FAD691F69650800FE0A40 /* StepperMenuItemView.m */; };
		0A5FAD6F1F69650800FE0A40 /* SwitchMenuItemView.m in Sources */ = {isa = PBXBuildFile; fileRef = 0A5FAD6B1F69650800FE0A40 /* SwitchMenuItemView.m */; };
		0A5FAD721F69659E00FE0A40 /* MenuItemView.m in Sources */ = {isa = PBXBuildFile; fileRef = 0A5FAD711F69659E00FE0A40 /* MenuItemView.m */; };
		0A5FAD7E1F69665700FE0A40 /* ActorNode.m in Sources */ = {isa = PBXBuildFile; fileRef = 0A5FAD751F69665700FE0A40 /* ActorNode.m */; };
		0A5FAD7F1F69665700FE0A40 /* BackgroundNode.m in Sources */ = {isa = PBXBuildFile; fileRef = 0A5FAD771F69665700FE0A40 /* BackgroundNode.m */; };
		0A5FAD801F69665700FE0A40 /* CameraNode.m in Sources */ = {isa = PBXBuildFile; fileRef = 0A5FAD791F69665700FE0A40 /* CameraNode.m */; };
		0A5FAD811F69665700FE0A40 /* ImageNode.m in Sources */ = {isa = PBXBuildFile; fileRef = 0A5FAD7B1F69665700FE0A40 /* ImageNode.m */; };
		0A5FAD821F69665700FE0A40 /* LabelNode.m in Sources */ = {isa = PBXBuildFile; fileRef = 0A5FAD7D1F69665700FE0A40 /* LabelNode.m */; };
		0A5FAD8B1F696F2600FE0A40 /* ButtonNode.m in Sources */ = {isa = PBXBuildFile; fileRef = 0A5FAD881F696F2600FE0A40 /* ButtonNode.m */; };
		0A5FAD8C1F696F2600FE0A40 /* ImageButtonNode.m in Sources */ = {isa = PBXBuildFile; fileRef = 0A5FAD8A1F696F2600FE0A40 /* ImageButtonNode.m */; };
		0A5FAD901F696F4300FE0A40 /* PanelNode.m in Sources */ = {isa = PBXBuildFile; fileRef = 0A5FAD8F1F696F4300FE0A40 /* PanelNode.m */; };
		0A5FAD991F69757300FE0A40 /* InfoPlist.strings in Resources */ = {isa = PBXBuildFile; fileRef = 0A5FAD951F69757300FE0A40 /* InfoPlist.strings */; };
		0A5FAD9A1F69757300FE0A40 /* Localizable.strings in Resources */ = {isa = PBXBuildFile; fileRef = 0A5FAD971F69757300FE0A40 /* Localizable.strings */; };
		0A5FAD9E1F6C0D2C00FE0A40 /* Rivers-en.png in Resources */ = {isa = PBXBuildFile; fileRef = 0A5FAD9D1F6C0D2C00FE0A40 /* Rivers-en.png */; };
		0A5FADB71F6D2A5A00FE0A40 /* dm_arrow.png in Resources */ = {isa = PBXBuildFile; fileRef = 0A5FADA81F6D2A5A00FE0A40 /* dm_arrow.png */; };
		0A5FADB81F6D2A5A00FE0A40 /* dm_attachment.png in Resources */ = {isa = PBXBuildFile; fileRef = 0A5FADA91F6D2A5A00FE0A40 /* dm_attachment.png */; };
		0A5FADB91F6D2A5A00FE0A40 /* dm_back.png in Resources */ = {isa = PBXBuildFile; fileRef = 0A5FADAA1F6D2A5A00FE0A40 /* dm_back.png */; };
		0A5FADBA1F6D2A5A00FE0A40 /* dm_block.png in Resources */ = {isa = PBXBuildFile; fileRef = 0A5FADAB1F6D2A5A00FE0A40 /* dm_block.png */; };
		0A5FADBB1F6D2A5A00FE0A40 /* dm_bluetooth.png in Resources */ = {isa = PBXBuildFile; fileRef = 0A5FADAC1F6D2A5A00FE0A40 /* dm_bluetooth.png */; };
		0A5FADBC1F6D2A5A00FE0A40 /* dm_context.png in Resources */ = {isa = PBXBuildFile; fileRef = 0A5FADAD1F6D2A5A00FE0A40 /* dm_context.png */; };
		0A5FADBD1F6D2A5A00FE0A40 /* dm_cube.png in Resources */ = {isa = PBXBuildFile; fileRef = 0A5FADAE1F6D2A5A00FE0A40 /* dm_cube.png */; };
		0A5FADBE1F6D2A5A00FE0A40 /* dm_download.png in Resources */ = {isa = PBXBuildFile; fileRef = 0A5FADAF1F6D2A5A00FE0A40 /* dm_download.png */; };
		0A5FADBF1F6D2A5A00FE0A40 /* dm_enter.png in Resources */ = {isa = PBXBuildFile; fileRef = 0A5FADB01F6D2A5A00FE0A40 /* dm_enter.png */; };
		0A5FADC01F6D2A5A00FE0A40 /* dm_file.png in Resources */ = {isa = PBXBuildFile; fileRef = 0A5FADB11F6D2A5A00FE0A40 /* dm_file.png */; };
		0A5FADC11F6D2A5A00FE0A40 /* dm_github.png in Resources */ = {isa = PBXBuildFile; fileRef = 0A5FADB21F6D2A5A00FE0A40 /* dm_github.png */; };
		0A5FADC21F6D2A5A00FE0A40 /* dm_next.png in Resources */ = {isa = PBXBuildFile; fileRef = 0A5FADB31F6D2A5A00FE0A40 /* dm_next.png */; };
		0A5FADC31F6D2A5A00FE0A40 /* dm_pause.png in Resources */ = {isa = PBXBuildFile; fileRef = 0A5FADB41F6D2A5A00FE0A40 /* dm_pause.png */; };
		0A5FADC41F6D2A5A00FE0A40 /* dm_previous.png in Resources */ = {isa = PBXBuildFile; fileRef = 0A5FADB51F6D2A5A00FE0A40 /* dm_previous.png */; };
		0A5FADC51F6D2A5A00FE0A40 /* dm_reset.png in Resources */ = {isa = PBXBuildFile; fileRef = 0A5FADB61F6D2A5A00FE0A40 /* dm_reset.png */; };
		0A5FADC91F6F1D8300FE0A40 /* gray-background.png in Resources */ = {isa = PBXBuildFile; fileRef = 0A5FADC81F6F1D8300FE0A40 /* gray-background.png */; };
		0A5FADCF1F6FB7AE00FE0A40 /* SoundManager.m in Sources */ = {isa = PBXBuildFile; fileRef = 0A5FADCE1F6FB7AE00FE0A40 /* SoundManager.m */; };
		0A5FADD41F6FBAD400FE0A40 /* home_panel.wav in Resources */ = {isa = PBXBuildFile; fileRef = 0A5FADD21F6FBAD400FE0A40 /* home_panel.wav */; };
		0A5FADD51F6FBAD400FE0A40 /* menu_selection.wav in Resources */ = {isa = PBXBuildFile; fileRef = 0A5FADD31F6FBAD400FE0A40 /* menu_selection.wav */; };
		0A5FADD81F6FBDB700FE0A40 /* main_menu.m4a in Resources */ = {isa = PBXBuildFile; fileRef = 0A5FADD71F6FBC2500FE0A40 /* main_menu.m4a */; };
		0A5FADDB1F6FCF8E00FE0A40 /* AStar.m in Sources */ = {isa = PBXBuildFile; fileRef = 0A5FADDA1F6FCF8E00FE0A40 /* AStar.m */; };
		0A5FADDF1F6FD4AA00FE0A40 /* CoreGraphics.framework in Frameworks */ = {isa = PBXBuildFile; fileRef = 0A5FADDE1F6FD4AA00FE0A40 /* CoreGraphics.framework */; };
		0A5FADE11F7084B700FE0A40 /* Settings.bundle in Resources */ = {isa = PBXBuildFile; fileRef = 0A5FADE01F7084B700FE0A40 /* Settings.bundle */; };
		0A5FADE51F710BD400FE0A40 /* SettingsViewController.m in Sources */ = {isa = PBXBuildFile; fileRef = 0A5FADE41F710BD400FE0A40 /* SettingsViewController.m */; };
		0A5FADEA1F710CB800FE0A40 /* SliderNode.m in Sources */ = {isa = PBXBuildFile; fileRef = 0A5FADE71F710CB800FE0A40 /* SliderNode.m */; };
		0A5FADEB1F710CB800FE0A40 /* VolumeSliderNode.m in Sources */ = {isa = PBXBuildFile; fileRef = 0A5FADE91F710CB800FE0A40 /* VolumeSliderNode.m */; };
		0A5FADF31F710E1B00FE0A40 /* settings-panel.png in Resources */ = {isa = PBXBuildFile; fileRef = 0A5FADEE1F710E1B00FE0A40 /* settings-panel.png */; };
		0A5FADF41F710E1B00FE0A40 /* slider_bar.png in Resources */ = {isa = PBXBuildFile; fileRef = 0A5FADEF1F710E1B00FE0A40 /* slider_bar.png */; };
		0A5FADF51F710E1B00FE0A40 /* slider_selection.png in Resources */ = {isa = PBXBuildFile; fileRef = 0A5FADF01F710E1B00FE0A40 /* slider_selection.png */; };
		0A5FADF61F710E1B00FE0A40 /* speaker_high.png in Resources */ = {isa = PBXBuildFile; fileRef = 0A5FADF11F710E1B00FE0A40 /* speaker_high.png */; };
		0A5FADF71F710E1B00FE0A40 /* speaker_low.png in Resources */ = {isa = PBXBuildFile; fileRef = 0A5FADF21F710E1B00FE0A40 /* speaker_low.png */; };
		0A5FADFB1F710F6C00FE0A40 /* ThemeManager.m in Sources */ = {isa = PBXBuildFile; fileRef = 0A5FADFA1F710F6C00FE0A40 /* ThemeManager.m */; };
		0A5FADFF1F710F9100FE0A40 /* Theme.m in Sources */ = {isa = PBXBuildFile; fileRef = 0A5FADFD1F710F9100FE0A40 /* Theme.m */; };
		0A5FAE001F710F9100FE0A40 /* themes_v2.plist in Resources */ = {isa = PBXBuildFile; fileRef = 0A5FADFE1F710F9100FE0A40 /* themes_v2.plist */; };
		0A5FAE081F71108400FE0A40 /* ThemeBoxManagerNode.m in Sources */ = {isa = PBXBuildFile; fileRef = 0A5FAE031F71108400FE0A40 /* ThemeBoxManagerNode.m */; };
		0A5FAE091F71108400FE0A40 /* ThemePanelManagerNode.m in Sources */ = {isa = PBXBuildFile; fileRef = 0A5FAE051F71108400FE0A40 /* ThemePanelManagerNode.m */; };
		0A5FAE0A1F71108400FE0A40 /* ThemePanelNode.m in Sources */ = {isa = PBXBuildFile; fileRef = 0A5FAE071F71108400FE0A40 /* ThemePanelNode.m */; };
		0A5FAE0C1F71122B00FE0A40 /* selection_slide.wav in Resources */ = {isa = PBXBuildFile; fileRef = 0A5FAE0B1F71122B00FE0A40 /* selection_slide.wav */; };
		0A5FAE0F1F7120E900FE0A40 /* MainMenuNode.m in Sources */ = {isa = PBXBuildFile; fileRef = 0A5FAE0E1F7120E900FE0A40 /* MainMenuNode.m */; };
		0A5FAE131F71219700FE0A40 /* GameCenterManager.m in Sources */ = {isa = PBXBuildFile; fileRef = 0A5FAE121F71219700FE0A40 /* GameCenterManager.m */; };
		0A5FAE181F7121C800FE0A40 /* AchievementPopupManagerNode.m in Sources */ = {isa = PBXBuildFile; fileRef = 0A5FAE151F7121C800FE0A40 /* AchievementPopupManagerNode.m */; };
		0A5FAE191F7121C800FE0A40 /* AchievementPopupNode.m in Sources */ = {isa = PBXBuildFile; fileRef = 0A5FAE171F7121C800FE0A40 /* AchievementPopupNode.m */; };
		0A5FAE1C1F71230E00FE0A40 /* GameKit.framework in Frameworks */ = {isa = PBXBuildFile; fileRef = 0A5FAE1B1F71230E00FE0A40 /* GameKit.framework */; };
		0A5FAE1E1F7124A600FE0A40 /* StoreKit.framework in Frameworks */ = {isa = PBXBuildFile; fileRef = 0A5FAE1D1F7124A600FE0A40 /* StoreKit.framework */; };
		0A5FAE231F71267300FE0A40 /* InAppPurchase.m in Sources */ = {isa = PBXBuildFile; fileRef = 0A5FAE201F71267300FE0A40 /* InAppPurchase.m */; };
		0A5FAE241F71267300FE0A40 /* InAppPurchasesManager.m in Sources */ = {isa = PBXBuildFile; fileRef = 0A5FAE221F71267300FE0A40 /* InAppPurchasesManager.m */; };
		0A5FAE281F71286700FE0A40 /* LeaderboardModel.m in Sources */ = {isa = PBXBuildFile; fileRef = 0A5FAE271F71286700FE0A40 /* LeaderboardModel.m */; };
		0A5FAE2C1F714FD600FE0A40 /* achievement.wav in Resources */ = {isa = PBXBuildFile; fileRef = 0A5FAE2B1F714FD600FE0A40 /* achievement.wav */; };
		0A5FAE2E1F716C8900FE0A40 /* achievements.png in Resources */ = {isa = PBXBuildFile; fileRef = 0A5FAE2D1F716C8900FE0A40 /* achievements.png */; };
		0A5FAE391F716DE300FE0A40 /* Consumable.m in Sources */ = {isa = PBXBuildFile; fileRef = 0A5FAE321F716DE300FE0A40 /* Consumable.m */; };
		0A5FAE3A1F716DE300FE0A40 /* ConsumablePurchasesController.m in Sources */ = {isa = PBXBuildFile; fileRef = 0A5FAE341F716DE300FE0A40 /* ConsumablePurchasesController.m */; };
		0A5FAE3B1F716DE300FE0A40 /* MasterKeysConsumable.m in Sources */ = {isa = PBXBuildFile; fileRef = 0A5FAE361F716DE300FE0A40 /* MasterKeysConsumable.m */; };
		0A5FAE3C1F716DE300FE0A40 /* StoreViewController.m in Sources */ = {isa = PBXBuildFile; fileRef = 0A5FAE381F716DE300FE0A40 /* StoreViewController.m */; };
		0A5FAE431F716EA500FE0A40 /* StorePanelManagerNode.m in Sources */ = {isa = PBXBuildFile; fileRef = 0A5FAE401F716EA500FE0A40 /* StorePanelManagerNode.m */; };
		0A5FAE441F716EA500FE0A40 /* StorePanelNode.m in Sources */ = {isa = PBXBuildFile; fileRef = 0A5FAE421F716EA500FE0A40 /* StorePanelNode.m */; };
		0A5FAE491F716F5000FE0A40 /* selection-panel.png in Resources */ = {isa = PBXBuildFile; fileRef = 0A5FAE461F716F5000FE0A40 /* selection-panel.png */; };
		0A5FAE4A1F716F5000FE0A40 /* selectionArrowLeft.png in Resources */ = {isa = PBXBuildFile; fileRef = 0A5FAE471F716F5000FE0A40 /* selectionArrowLeft.png */; };
		0A5FAE4B1F716F5000FE0A40 /* selectionArrowRight.png in Resources */ = {isa = PBXBuildFile; fileRef = 0A5FAE481F716F5000FE0A40 /* selectionArrowRight.png */; };
		0A5FAE511F71706200FE0A40 /* Game.m in Sources */ = {isa = PBXBuildFile; fileRef = 0A5FAE4E1F71706200FE0A40 /* Game.m */; };
		0A5FAE521F71706200FE0A40 /* GamesManager.m in Sources */ = {isa = PBXBuildFile; fileRef = 0A5FAE501F71706200FE0A40 /* GamesManager.m */; };
		0A5FAE5B1F71765B00FE0A40 /* restore-disabled.png in Resources */ = {isa = PBXBuildFile; fileRef = 0A5FAE551F71765B00FE0A40 /* restore-disabled.png */; };
		0A5FAE5C1F71765B00FE0A40 /* restore.png in Resources */ = {isa = PBXBuildFile; fileRef = 0A5FAE561F71765B00FE0A40 /* restore.png */; };
		0A5FAE5D1F71765B00FE0A40 /* shop-disabled.png in Resources */ = {isa = PBXBuildFile; fileRef = 0A5FAE571F71765B00FE0A40 /* shop-disabled.png */; };
		0A5FAE5E1F71765B00FE0A40 /* shop.png in Resources */ = {isa = PBXBuildFile; fileRef = 0A5FAE581F71765B00FE0A40 /* shop.png */; };
		0A5FAE5F1F71765B00FE0A40 /* store-open-closed.png in Resources */ = {isa = PBXBuildFile; fileRef = 0A5FAE591F71765B00FE0A40 /* store-open-closed.png */; };
		0A5FAE601F71765B00FE0A40 /* store-panel.png in Resources */ = {isa = PBXBuildFile; fileRef = 0A5FAE5A1F71765B00FE0A40 /* store-panel.png */; };
/* End PBXBuildFile section */

/* Begin PBXContainerItemProxy section */
		0A5FAD2E1F69205600FE0A40 /* PBXContainerItemProxy */ = {
			isa = PBXContainerItemProxy;
			containerPortal = 0A5FAD0A1F69205500FE0A40 /* Project object */;
			proxyType = 1;
			remoteGlobalIDString = 0A5FAD111F69205500FE0A40;
			remoteInfo = Rivers;
		};
		0A5FAD391F69205600FE0A40 /* PBXContainerItemProxy */ = {
			isa = PBXContainerItemProxy;
			containerPortal = 0A5FAD0A1F69205500FE0A40 /* Project object */;
			proxyType = 1;
			remoteGlobalIDString = 0A5FAD111F69205500FE0A40;
			remoteInfo = Rivers;
		};
/* End PBXContainerItemProxy section */

/* Begin PBXFileReference section */
		0A5FAD121F69205500FE0A40 /* Rivers.app */ = {isa = PBXFileReference; explicitFileType = wrapper.application; includeInIndex = 0; path = Rivers.app; sourceTree = BUILT_PRODUCTS_DIR; };
		0A5FAD161F69205500FE0A40 /* main.m */ = {isa = PBXFileReference; lastKnownFileType = sourcecode.c.objc; path = main.m; sourceTree = "<group>"; };
		0A5FAD181F69205500FE0A40 /* AppDelegate.h */ = {isa = PBXFileReference; lastKnownFileType = sourcecode.c.h; path = AppDelegate.h; sourceTree = "<group>"; };
		0A5FAD191F69205500FE0A40 /* AppDelegate.m */ = {isa = PBXFileReference; lastKnownFileType = sourcecode.c.objc; path = AppDelegate.m; sourceTree = "<group>"; };
		0A5FAD1B1F69205600FE0A40 /* art.scnassets */ = {isa = PBXFileReference; lastKnownFileType = wrapper.scnassets; path = art.scnassets; sourceTree = "<group>"; };
		0A5FAD1D1F69205600FE0A40 /* GameSceneViewController.h */ = {isa = PBXFileReference; lastKnownFileType = sourcecode.c.h; path = GameSceneViewController.h; sourceTree = "<group>"; };
		0A5FAD1E1F69205600FE0A40 /* GameSceneViewController.m */ = {isa = PBXFileReference; lastKnownFileType = sourcecode.c.objc; path = GameSceneViewController.m; sourceTree = "<group>"; };
		0A5FAD211F69205600FE0A40 /* Base */ = {isa = PBXFileReference; lastKnownFileType = file.storyboard; name = Base; path = Base.lproj/Main.storyboard; sourceTree = "<group>"; };
		0A5FAD231F69205600FE0A40 /* Assets.xcassets */ = {isa = PBXFileReference; lastKnownFileType = folder.assetcatalog; path = Assets.xcassets; sourceTree = "<group>"; };
		0A5FAD261F69205600FE0A40 /* Base */ = {isa = PBXFileReference; lastKnownFileType = file.storyboard; name = Base; path = Base.lproj/LaunchScreen.storyboard; sourceTree = "<group>"; };
		0A5FAD281F69205600FE0A40 /* Info.plist */ = {isa = PBXFileReference; lastKnownFileType = text.plist.xml; path = Info.plist; sourceTree = "<group>"; };
		0A5FAD2D1F69205600FE0A40 /* RiversTests.xctest */ = {isa = PBXFileReference; explicitFileType = wrapper.cfbundle; includeInIndex = 0; path = RiversTests.xctest; sourceTree = BUILT_PRODUCTS_DIR; };
		0A5FAD311F69205600FE0A40 /* RiversTests.m */ = {isa = PBXFileReference; lastKnownFileType = sourcecode.c.objc; path = RiversTests.m; sourceTree = "<group>"; };
		0A5FAD331F69205600FE0A40 /* Info.plist */ = {isa = PBXFileReference; lastKnownFileType = text.plist.xml; path = Info.plist; sourceTree = "<group>"; };
		0A5FAD381F69205600FE0A40 /* RiversUITests.xctest */ = {isa = PBXFileReference; explicitFileType = wrapper.cfbundle; includeInIndex = 0; path = RiversUITests.xctest; sourceTree = BUILT_PRODUCTS_DIR; };
		0A5FAD3C1F69205600FE0A40 /* RiversUITests.m */ = {isa = PBXFileReference; lastKnownFileType = sourcecode.c.objc; path = RiversUITests.m; sourceTree = "<group>"; };
		0A5FAD3E1F69205600FE0A40 /* Info.plist */ = {isa = PBXFileReference; lastKnownFileType = text.plist.xml; path = Info.plist; sourceTree = "<group>"; };
		0A5FAD4D1F69245C00FE0A40 /* DebugOptions.h */ = {isa = PBXFileReference; fileEncoding = 4; lastKnownFileType = sourcecode.c.h; path = DebugOptions.h; sourceTree = "<group>"; };
		0A5FAD4E1F69245C00FE0A40 /* DebugOptions.m */ = {isa = PBXFileReference; fileEncoding = 4; lastKnownFileType = sourcecode.c.objc; path = DebugOptions.m; sourceTree = "<group>"; };
		0A5FAD501F69258000FE0A40 /* Configuration.h */ = {isa = PBXFileReference; fileEncoding = 4; lastKnownFileType = sourcecode.c.h; path = Configuration.h; sourceTree = "<group>"; };
		0A5FAD511F69266100FE0A40 /* Types.h */ = {isa = PBXFileReference; fileEncoding = 4; lastKnownFileType = sourcecode.c.h; path = Types.h; sourceTree = "<group>"; };
		0A5FAD531F692DB400FE0A40 /* MainMenuViewController.h */ = {isa = PBXFileReference; fileEncoding = 4; lastKnownFileType = sourcecode.c.h; path = MainMenuViewController.h; sourceTree = "<group>"; };
		0A5FAD541F692DB400FE0A40 /* MainMenuViewController.m */ = {isa = PBXFileReference; fileEncoding = 4; lastKnownFileType = sourcecode.c.objc; path = MainMenuViewController.m; sourceTree = "<group>"; };
		0A5FAD561F6963CC00FE0A40 /* RiversViewController.h */ = {isa = PBXFileReference; fileEncoding = 4; lastKnownFileType = sourcecode.c.h; path = RiversViewController.h; sourceTree = "<group>"; };
		0A5FAD571F6963CC00FE0A40 /* RiversViewController.m */ = {isa = PBXFileReference; fileEncoding = 4; lastKnownFileType = sourcecode.c.objc; path = RiversViewController.m; sourceTree = "<group>"; };
		0A5FAD5A1F69648A00FE0A40 /* GridMenuItem.h */ = {isa = PBXFileReference; fileEncoding = 4; lastKnownFileType = sourcecode.c.h; path = GridMenuItem.h; sourceTree = "<group>"; };
		0A5FAD5B1F69648A00FE0A40 /* GridMenuItem.m */ = {isa = PBXFileReference; fileEncoding = 4; lastKnownFileType = sourcecode.c.objc; path = GridMenuItem.m; sourceTree = "<group>"; };
		0A5FAD5C1F69648A00FE0A40 /* GridMenuScrollView.h */ = {isa = PBXFileReference; fileEncoding = 4; lastKnownFileType = sourcecode.c.h; path = GridMenuScrollView.h; sourceTree = "<group>"; };
		0A5FAD5D1F69648A00FE0A40 /* GridMenuScrollView.m */ = {isa = PBXFileReference; fileEncoding = 4; lastKnownFileType = sourcecode.c.objc; path = GridMenuScrollView.m; sourceTree = "<group>"; };
		0A5FAD5E1F69648A00FE0A40 /* GridMenuViewController.h */ = {isa = PBXFileReference; fileEncoding = 4; lastKnownFileType = sourcecode.c.h; path = GridMenuViewController.h; sourceTree = "<group>"; };
		0A5FAD5F1F69648A00FE0A40 /* GridMenuViewController.m */ = {isa = PBXFileReference; fileEncoding = 4; lastKnownFileType = sourcecode.c.objc; path = GridMenuViewController.m; sourceTree = "<group>"; };
		0A5FAD641F69650800FE0A40 /* ImageMenuItemView.h */ = {isa = PBXFileReference; fileEncoding = 4; lastKnownFileType = sourcecode.c.h; path = ImageMenuItemView.h; sourceTree = "<group>"; };
		0A5FAD651F69650800FE0A40 /* ImageMenuItemView.m */ = {isa = PBXFileReference; fileEncoding = 4; lastKnownFileType = sourcecode.c.objc; path = ImageMenuItemView.m; sourceTree = "<group>"; };
		0A5FAD661F69650800FE0A40 /* SliderMenuItemView.h */ = {isa = PBXFileReference; fileEncoding = 4; lastKnownFileType = sourcecode.c.h; path = SliderMenuItemView.h; sourceTree = "<group>"; };
		0A5FAD671F69650800FE0A40 /* SliderMenuItemView.m */ = {isa = PBXFileReference; fileEncoding = 4; lastKnownFileType = sourcecode.c.objc; path = SliderMenuItemView.m; sourceTree = "<group>"; };
		0A5FAD681F69650800FE0A40 /* StepperMenuItemView.h */ = {isa = PBXFileReference; fileEncoding = 4; lastKnownFileType = sourcecode.c.h; path = StepperMenuItemView.h; sourceTree = "<group>"; };
		0A5FAD691F69650800FE0A40 /* StepperMenuItemView.m */ = {isa = PBXFileReference; fileEncoding = 4; lastKnownFileType = sourcecode.c.objc; path = StepperMenuItemView.m; sourceTree = "<group>"; };
		0A5FAD6A1F69650800FE0A40 /* SwitchMenuItemView.h */ = {isa = PBXFileReference; fileEncoding = 4; lastKnownFileType = sourcecode.c.h; path = SwitchMenuItemView.h; sourceTree = "<group>"; };
		0A5FAD6B1F69650800FE0A40 /* SwitchMenuItemView.m */ = {isa = PBXFileReference; fileEncoding = 4; lastKnownFileType = sourcecode.c.objc; path = SwitchMenuItemView.m; sourceTree = "<group>"; };
		0A5FAD701F69659E00FE0A40 /* MenuItemView.h */ = {isa = PBXFileReference; fileEncoding = 4; lastKnownFileType = sourcecode.c.h; path = MenuItemView.h; sourceTree = "<group>"; };
		0A5FAD711F69659E00FE0A40 /* MenuItemView.m */ = {isa = PBXFileReference; fileEncoding = 4; lastKnownFileType = sourcecode.c.objc; path = MenuItemView.m; sourceTree = "<group>"; };
		0A5FAD741F69665700FE0A40 /* ActorNode.h */ = {isa = PBXFileReference; fileEncoding = 4; lastKnownFileType = sourcecode.c.h; path = ActorNode.h; sourceTree = "<group>"; };
		0A5FAD751F69665700FE0A40 /* ActorNode.m */ = {isa = PBXFileReference; fileEncoding = 4; lastKnownFileType = sourcecode.c.objc; path = ActorNode.m; sourceTree = "<group>"; };
		0A5FAD761F69665700FE0A40 /* BackgroundNode.h */ = {isa = PBXFileReference; fileEncoding = 4; lastKnownFileType = sourcecode.c.h; path = BackgroundNode.h; sourceTree = "<group>"; };
		0A5FAD771F69665700FE0A40 /* BackgroundNode.m */ = {isa = PBXFileReference; fileEncoding = 4; lastKnownFileType = sourcecode.c.objc; path = BackgroundNode.m; sourceTree = "<group>"; };
		0A5FAD781F69665700FE0A40 /* CameraNode.h */ = {isa = PBXFileReference; fileEncoding = 4; lastKnownFileType = sourcecode.c.h; path = CameraNode.h; sourceTree = "<group>"; };
		0A5FAD791F69665700FE0A40 /* CameraNode.m */ = {isa = PBXFileReference; fileEncoding = 4; lastKnownFileType = sourcecode.c.objc; path = CameraNode.m; sourceTree = "<group>"; };
		0A5FAD7A1F69665700FE0A40 /* ImageNode.h */ = {isa = PBXFileReference; fileEncoding = 4; lastKnownFileType = sourcecode.c.h; path = ImageNode.h; sourceTree = "<group>"; };
		0A5FAD7B1F69665700FE0A40 /* ImageNode.m */ = {isa = PBXFileReference; fileEncoding = 4; lastKnownFileType = sourcecode.c.objc; path = ImageNode.m; sourceTree = "<group>"; };
		0A5FAD7C1F69665700FE0A40 /* LabelNode.h */ = {isa = PBXFileReference; fileEncoding = 4; lastKnownFileType = sourcecode.c.h; path = LabelNode.h; sourceTree = "<group>"; };
		0A5FAD7D1F69665700FE0A40 /* LabelNode.m */ = {isa = PBXFileReference; fileEncoding = 4; lastKnownFileType = sourcecode.c.objc; path = LabelNode.m; sourceTree = "<group>"; };
		0A5FAD831F69669E00FE0A40 /* AppSpecificValues.h */ = {isa = PBXFileReference; fileEncoding = 4; lastKnownFileType = sourcecode.c.h; path = AppSpecificValues.h; sourceTree = "<group>"; };
		0A5FAD841F69669E00FE0A40 /* GraphicsHelper.h */ = {isa = PBXFileReference; fileEncoding = 4; lastKnownFileType = sourcecode.c.h; path = GraphicsHelper.h; sourceTree = "<group>"; };
		0A5FAD851F69677900FE0A40 /* MathHelper.h */ = {isa = PBXFileReference; fileEncoding = 4; lastKnownFileType = sourcecode.c.h; path = MathHelper.h; sourceTree = "<group>"; };
		0A5FAD871F696F2600FE0A40 /* ButtonNode.h */ = {isa = PBXFileReference; fileEncoding = 4; lastKnownFileType = sourcecode.c.h; path = ButtonNode.h; sourceTree = "<group>"; };
		0A5FAD881F696F2600FE0A40 /* ButtonNode.m */ = {isa = PBXFileReference; fileEncoding = 4; lastKnownFileType = sourcecode.c.objc; path = ButtonNode.m; sourceTree = "<group>"; };
		0A5FAD891F696F2600FE0A40 /* ImageButtonNode.h */ = {isa = PBXFileReference; fileEncoding = 4; lastKnownFileType = sourcecode.c.h; path = ImageButtonNode.h; sourceTree = "<group>"; };
		0A5FAD8A1F696F2600FE0A40 /* ImageButtonNode.m */ = {isa = PBXFileReference; fileEncoding = 4; lastKnownFileType = sourcecode.c.objc; path = ImageButtonNode.m; sourceTree = "<group>"; };
		0A5FAD8E1F696F4300FE0A40 /* PanelNode.h */ = {isa = PBXFileReference; fileEncoding = 4; lastKnownFileType = sourcecode.c.h; path = PanelNode.h; sourceTree = "<group>"; };
		0A5FAD8F1F696F4300FE0A40 /* PanelNode.m */ = {isa = PBXFileReference; fileEncoding = 4; lastKnownFileType = sourcecode.c.objc; path = PanelNode.m; sourceTree = "<group>"; };
		0A5FAD961F69757300FE0A40 /* en */ = {isa = PBXFileReference; lastKnownFileType = text.plist.strings; name = en; path = en.lproj/InfoPlist.strings; sourceTree = "<group>"; };
		0A5FAD981F69757300FE0A40 /* en */ = {isa = PBXFileReference; lastKnownFileType = text.plist.strings; name = en; path = en.lproj/Localizable.strings; sourceTree = "<group>"; };
		0A5FAD9B1F69757A00FE0A40 /* Base */ = {isa = PBXFileReference; lastKnownFileType = text.plist.strings; name = Base; path = Base.lproj/InfoPlist.strings; sourceTree = "<group>"; };
		0A5FAD9C1F69758600FE0A40 /* Base */ = {isa = PBXFileReference; lastKnownFileType = text.plist.strings; name = Base; path = Base.lproj/Localizable.strings; sourceTree = "<group>"; };
		0A5FAD9D1F6C0D2C00FE0A40 /* Rivers-en.png */ = {isa = PBXFileReference; lastKnownFileType = image.png; name = "Rivers-en.png"; path = "Images/Rivers-en.png"; sourceTree = "<group>"; };
		0A5FADA81F6D2A5A00FE0A40 /* dm_arrow.png */ = {isa = PBXFileReference; lastKnownFileType = image.png; name = dm_arrow.png; path = Images/Debug/dm_arrow.png; sourceTree = "<group>"; };
		0A5FADA91F6D2A5A00FE0A40 /* dm_attachment.png */ = {isa = PBXFileReference; lastKnownFileType = image.png; name = dm_attachment.png; path = Images/Debug/dm_attachment.png; sourceTree = "<group>"; };
		0A5FADAA1F6D2A5A00FE0A40 /* dm_back.png */ = {isa = PBXFileReference; lastKnownFileType = image.png; name = dm_back.png; path = Images/Debug/dm_back.png; sourceTree = "<group>"; };
		0A5FADAB1F6D2A5A00FE0A40 /* dm_block.png */ = {isa = PBXFileReference; lastKnownFileType = image.png; name = dm_block.png; path = Images/Debug/dm_block.png; sourceTree = "<group>"; };
		0A5FADAC1F6D2A5A00FE0A40 /* dm_bluetooth.png */ = {isa = PBXFileReference; lastKnownFileType = image.png; name = dm_bluetooth.png; path = Images/Debug/dm_bluetooth.png; sourceTree = "<group>"; };
		0A5FADAD1F6D2A5A00FE0A40 /* dm_context.png */ = {isa = PBXFileReference; lastKnownFileType = image.png; name = dm_context.png; path = Images/Debug/dm_context.png; sourceTree = "<group>"; };
		0A5FADAE1F6D2A5A00FE0A40 /* dm_cube.png */ = {isa = PBXFileReference; lastKnownFileType = image.png; name = dm_cube.png; path = Images/Debug/dm_cube.png; sourceTree = "<group>"; };
		0A5FADAF1F6D2A5A00FE0A40 /* dm_download.png */ = {isa = PBXFileReference; lastKnownFileType = image.png; name = dm_download.png; path = Images/Debug/dm_download.png; sourceTree = "<group>"; };
		0A5FADB01F6D2A5A00FE0A40 /* dm_enter.png */ = {isa = PBXFileReference; lastKnownFileType = image.png; name = dm_enter.png; path = Images/Debug/dm_enter.png; sourceTree = "<group>"; };
		0A5FADB11F6D2A5A00FE0A40 /* dm_file.png */ = {isa = PBXFileReference; lastKnownFileType = image.png; name = dm_file.png; path = Images/Debug/dm_file.png; sourceTree = "<group>"; };
		0A5FADB21F6D2A5A00FE0A40 /* dm_github.png */ = {isa = PBXFileReference; lastKnownFileType = image.png; name = dm_github.png; path = Images/Debug/dm_github.png; sourceTree = "<group>"; };
		0A5FADB31F6D2A5A00FE0A40 /* dm_next.png */ = {isa = PBXFileReference; lastKnownFileType = image.png; name = dm_next.png; path = Images/Debug/dm_next.png; sourceTree = "<group>"; };
		0A5FADB41F6D2A5A00FE0A40 /* dm_pause.png */ = {isa = PBXFileReference; lastKnownFileType = image.png; name = dm_pause.png; path = Images/Debug/dm_pause.png; sourceTree = "<group>"; };
		0A5FADB51F6D2A5A00FE0A40 /* dm_previous.png */ = {isa = PBXFileReference; lastKnownFileType = image.png; name = dm_previous.png; path = Images/Debug/dm_previous.png; sourceTree = "<group>"; };
		0A5FADB61F6D2A5A00FE0A40 /* dm_reset.png */ = {isa = PBXFileReference; lastKnownFileType = image.png; name = dm_reset.png; path = Images/Debug/dm_reset.png; sourceTree = "<group>"; };
		0A5FADC81F6F1D8300FE0A40 /* gray-background.png */ = {isa = PBXFileReference; lastKnownFileType = image.png; name = "gray-background.png"; path = "Images/gray-background.png"; sourceTree = "<group>"; };
		0A5FADCD1F6FB7AE00FE0A40 /* SoundManager.h */ = {isa = PBXFileReference; fileEncoding = 4; lastKnownFileType = sourcecode.c.h; path = SoundManager.h; sourceTree = "<group>"; };
		0A5FADCE1F6FB7AE00FE0A40 /* SoundManager.m */ = {isa = PBXFileReference; fileEncoding = 4; lastKnownFileType = sourcecode.c.objc; path = SoundManager.m; sourceTree = "<group>"; };
		0A5FADD21F6FBAD400FE0A40 /* home_panel.wav */ = {isa = PBXFileReference; lastKnownFileType = audio.wav; name = home_panel.wav; path = Sounds/home_panel.wav; sourceTree = "<group>"; };
		0A5FADD31F6FBAD400FE0A40 /* menu_selection.wav */ = {isa = PBXFileReference; lastKnownFileType = audio.wav; name = menu_selection.wav; path = Sounds/menu_selection.wav; sourceTree = "<group>"; };
		0A5FADD71F6FBC2500FE0A40 /* main_menu.m4a */ = {isa = PBXFileReference; lastKnownFileType = file; name = main_menu.m4a; path = Music/main_menu.m4a; sourceTree = "<group>"; };
		0A5FADD91F6FCF8E00FE0A40 /* AStar.h */ = {isa = PBXFileReference; fileEncoding = 4; lastKnownFileType = sourcecode.c.h; path = AStar.h; sourceTree = "<group>"; };
		0A5FADDA1F6FCF8E00FE0A40 /* AStar.m */ = {isa = PBXFileReference; fileEncoding = 4; lastKnownFileType = sourcecode.c.objc; path = AStar.m; sourceTree = "<group>"; };
		0A5FADDE1F6FD4AA00FE0A40 /* CoreGraphics.framework */ = {isa = PBXFileReference; lastKnownFileType = wrapper.framework; name = CoreGraphics.framework; path = System/Library/Frameworks/CoreGraphics.framework; sourceTree = SDKROOT; };
		0A5FADE01F7084B700FE0A40 /* Settings.bundle */ = {isa = PBXFileReference; lastKnownFileType = "wrapper.plug-in"; name = Settings.bundle; path = Rivers/Settings.bundle; sourceTree = "<group>"; };
		0A5FADE31F710BD400FE0A40 /* SettingsViewController.h */ = {isa = PBXFileReference; fileEncoding = 4; lastKnownFileType = sourcecode.c.h; path = SettingsViewController.h; sourceTree = "<group>"; };
		0A5FADE41F710BD400FE0A40 /* SettingsViewController.m */ = {isa = PBXFileReference; fileEncoding = 4; lastKnownFileType = sourcecode.c.objc; path = SettingsViewController.m; sourceTree = "<group>"; };
		0A5FADE61F710CB800FE0A40 /* SliderNode.h */ = {isa = PBXFileReference; fileEncoding = 4; lastKnownFileType = sourcecode.c.h; path = SliderNode.h; sourceTree = "<group>"; };
		0A5FADE71F710CB800FE0A40 /* SliderNode.m */ = {isa = PBXFileReference; fileEncoding = 4; lastKnownFileType = sourcecode.c.objc; path = SliderNode.m; sourceTree = "<group>"; };
		0A5FADE81F710CB800FE0A40 /* VolumeSliderNode.h */ = {isa = PBXFileReference; fileEncoding = 4; lastKnownFileType = sourcecode.c.h; path = VolumeSliderNode.h; sourceTree = "<group>"; };
		0A5FADE91F710CB800FE0A40 /* VolumeSliderNode.m */ = {isa = PBXFileReference; fileEncoding = 4; lastKnownFileType = sourcecode.c.objc; path = VolumeSliderNode.m; sourceTree = "<group>"; };
		0A5FADEE1F710E1B00FE0A40 /* settings-panel.png */ = {isa = PBXFileReference; lastKnownFileType = image.png; name = "settings-panel.png"; path = "Images/Settings/settings-panel.png"; sourceTree = "<group>"; };
		0A5FADEF1F710E1B00FE0A40 /* slider_bar.png */ = {isa = PBXFileReference; lastKnownFileType = image.png; name = slider_bar.png; path = Images/Settings/slider_bar.png; sourceTree = "<group>"; };
		0A5FADF01F710E1B00FE0A40 /* slider_selection.png */ = {isa = PBXFileReference; lastKnownFileType = image.png; name = slider_selection.png; path = Images/Settings/slider_selection.png; sourceTree = "<group>"; };
		0A5FADF11F710E1B00FE0A40 /* speaker_high.png */ = {isa = PBXFileReference; lastKnownFileType = image.png; name = speaker_high.png; path = Images/Settings/speaker_high.png; sourceTree = "<group>"; };
		0A5FADF21F710E1B00FE0A40 /* speaker_low.png */ = {isa = PBXFileReference; lastKnownFileType = image.png; name = speaker_low.png; path = Images/Settings/speaker_low.png; sourceTree = "<group>"; };
		0A5FADF91F710F6C00FE0A40 /* ThemeManager.h */ = {isa = PBXFileReference; fileEncoding = 4; lastKnownFileType = sourcecode.c.h; path = ThemeManager.h; sourceTree = "<group>"; };
		0A5FADFA1F710F6C00FE0A40 /* ThemeManager.m */ = {isa = PBXFileReference; fileEncoding = 4; lastKnownFileType = sourcecode.c.objc; path = ThemeManager.m; sourceTree = "<group>"; };
		0A5FADFC1F710F9100FE0A40 /* Theme.h */ = {isa = PBXFileReference; fileEncoding = 4; lastKnownFileType = sourcecode.c.h; path = Theme.h; sourceTree = "<group>"; };
		0A5FADFD1F710F9100FE0A40 /* Theme.m */ = {isa = PBXFileReference; fileEncoding = 4; lastKnownFileType = sourcecode.c.objc; path = Theme.m; sourceTree = "<group>"; };
		0A5FADFE1F710F9100FE0A40 /* themes_v2.plist */ = {isa = PBXFileReference; fileEncoding = 4; lastKnownFileType = text.plist.xml; path = themes_v2.plist; sourceTree = "<group>"; };
		0A5FAE021F71108400FE0A40 /* ThemeBoxManagerNode.h */ = {isa = PBXFileReference; fileEncoding = 4; lastKnownFileType = sourcecode.c.h; path = ThemeBoxManagerNode.h; sourceTree = "<group>"; };
		0A5FAE031F71108400FE0A40 /* ThemeBoxManagerNode.m */ = {isa = PBXFileReference; fileEncoding = 4; lastKnownFileType = sourcecode.c.objc; path = ThemeBoxManagerNode.m; sourceTree = "<group>"; };
		0A5FAE041F71108400FE0A40 /* ThemePanelManagerNode.h */ = {isa = PBXFileReference; fileEncoding = 4; lastKnownFileType = sourcecode.c.h; path = ThemePanelManagerNode.h; sourceTree = "<group>"; };
		0A5FAE051F71108400FE0A40 /* ThemePanelManagerNode.m */ = {isa = PBXFileReference; fileEncoding = 4; lastKnownFileType = sourcecode.c.objc; path = ThemePanelManagerNode.m; sourceTree = "<group>"; };
		0A5FAE061F71108400FE0A40 /* ThemePanelNode.h */ = {isa = PBXFileReference; fileEncoding = 4; lastKnownFileType = sourcecode.c.h; path = ThemePanelNode.h; sourceTree = "<group>"; };
		0A5FAE071F71108400FE0A40 /* ThemePanelNode.m */ = {isa = PBXFileReference; fileEncoding = 4; lastKnownFileType = sourcecode.c.objc; path = ThemePanelNode.m; sourceTree = "<group>"; };
		0A5FAE0B1F71122B00FE0A40 /* selection_slide.wav */ = {isa = PBXFileReference; lastKnownFileType = audio.wav; name = selection_slide.wav; path = Sounds/selection_slide.wav; sourceTree = "<group>"; };
		0A5FAE0D1F7120E900FE0A40 /* MainMenuNode.h */ = {isa = PBXFileReference; fileEncoding = 4; lastKnownFileType = sourcecode.c.h; path = MainMenuNode.h; sourceTree = "<group>"; };
		0A5FAE0E1F7120E900FE0A40 /* MainMenuNode.m */ = {isa = PBXFileReference; fileEncoding = 4; lastKnownFileType = sourcecode.c.objc; path = MainMenuNode.m; sourceTree = "<group>"; };
		0A5FAE111F71219700FE0A40 /* GameCenterManager.h */ = {isa = PBXFileReference; fileEncoding = 4; lastKnownFileType = sourcecode.c.h; path = GameCenterManager.h; sourceTree = "<group>"; };
		0A5FAE121F71219700FE0A40 /* GameCenterManager.m */ = {isa = PBXFileReference; fileEncoding = 4; lastKnownFileType = sourcecode.c.objc; path = GameCenterManager.m; sourceTree = "<group>"; };
		0A5FAE141F7121C800FE0A40 /* AchievementPopupManagerNode.h */ = {isa = PBXFileReference; fileEncoding = 4; lastKnownFileType = sourcecode.c.h; path = AchievementPopupManagerNode.h; sourceTree = "<group>"; };
		0A5FAE151F7121C800FE0A40 /* AchievementPopupManagerNode.m */ = {isa = PBXFileReference; fileEncoding = 4; lastKnownFileType = sourcecode.c.objc; path = AchievementPopupManagerNode.m; sourceTree = "<group>"; };
		0A5FAE161F7121C800FE0A40 /* AchievementPopupNode.h */ = {isa = PBXFileReference; fileEncoding = 4; lastKnownFileType = sourcecode.c.h; path = AchievementPopupNode.h; sourceTree = "<group>"; };
		0A5FAE171F7121C800FE0A40 /* AchievementPopupNode.m */ = {isa = PBXFileReference; fileEncoding = 4; lastKnownFileType = sourcecode.c.objc; path = AchievementPopupNode.m; sourceTree = "<group>"; };
		0A5FAE1B1F71230E00FE0A40 /* GameKit.framework */ = {isa = PBXFileReference; lastKnownFileType = wrapper.framework; name = GameKit.framework; path = System/Library/Frameworks/GameKit.framework; sourceTree = SDKROOT; };
		0A5FAE1D1F7124A600FE0A40 /* StoreKit.framework */ = {isa = PBXFileReference; lastKnownFileType = wrapper.framework; name = StoreKit.framework; path = System/Library/Frameworks/StoreKit.framework; sourceTree = SDKROOT; };
		0A5FAE1F1F71267300FE0A40 /* InAppPurchase.h */ = {isa = PBXFileReference; fileEncoding = 4; lastKnownFileType = sourcecode.c.h; path = InAppPurchase.h; sourceTree = "<group>"; };
		0A5FAE201F71267300FE0A40 /* InAppPurchase.m */ = {isa = PBXFileReference; fileEncoding = 4; lastKnownFileType = sourcecode.c.objc; path = InAppPurchase.m; sourceTree = "<group>"; };
		0A5FAE211F71267300FE0A40 /* InAppPurchasesManager.h */ = {isa = PBXFileReference; fileEncoding = 4; lastKnownFileType = sourcecode.c.h; path = InAppPurchasesManager.h; sourceTree = "<group>"; };
		0A5FAE221F71267300FE0A40 /* InAppPurchasesManager.m */ = {isa = PBXFileReference; fileEncoding = 4; lastKnownFileType = sourcecode.c.objc; path = InAppPurchasesManager.m; sourceTree = "<group>"; };
		0A5FAE261F71286700FE0A40 /* LeaderboardModel.h */ = {isa = PBXFileReference; fileEncoding = 4; lastKnownFileType = sourcecode.c.h; path = LeaderboardModel.h; sourceTree = "<group>"; };
		0A5FAE271F71286700FE0A40 /* LeaderboardModel.m */ = {isa = PBXFileReference; fileEncoding = 4; lastKnownFileType = sourcecode.c.objc; path = LeaderboardModel.m; sourceTree = "<group>"; };
		0A5FAE2B1F714FD600FE0A40 /* achievement.wav */ = {isa = PBXFileReference; lastKnownFileType = audio.wav; name = achievement.wav; path = Sounds/achievement.wav; sourceTree = "<group>"; };
		0A5FAE2D1F716C8900FE0A40 /* achievements.png */ = {isa = PBXFileReference; lastKnownFileType = image.png; name = achievements.png; path = Images/Achievements/achievements.png; sourceTree = "<group>"; };
		0A5FAE311F716DE300FE0A40 /* Consumable.h */ = {isa = PBXFileReference; fileEncoding = 4; lastKnownFileType = sourcecode.c.h; path = Consumable.h; sourceTree = "<group>"; };
		0A5FAE321F716DE300FE0A40 /* Consumable.m */ = {isa = PBXFileReference; fileEncoding = 4; lastKnownFileType = sourcecode.c.objc; path = Consumable.m; sourceTree = "<group>"; };
		0A5FAE331F716DE300FE0A40 /* ConsumablePurchasesController.h */ = {isa = PBXFileReference; fileEncoding = 4; lastKnownFileType = sourcecode.c.h; path = ConsumablePurchasesController.h; sourceTree = "<group>"; };
		0A5FAE341F716DE300FE0A40 /* ConsumablePurchasesController.m */ = {isa = PBXFileReference; fileEncoding = 4; lastKnownFileType = sourcecode.c.objc; path = ConsumablePurchasesController.m; sourceTree = "<group>"; };
		0A5FAE351F716DE300FE0A40 /* MasterKeysConsumable.h */ = {isa = PBXFileReference; fileEncoding = 4; lastKnownFileType = sourcecode.c.h; path = MasterKeysConsumable.h; sourceTree = "<group>"; };
		0A5FAE361F716DE300FE0A40 /* MasterKeysConsumable.m */ = {isa = PBXFileReference; fileEncoding = 4; lastKnownFileType = sourcecode.c.objc; path = MasterKeysConsumable.m; sourceTree = "<group>"; };
		0A5FAE371F716DE300FE0A40 /* StoreViewController.h */ = {isa = PBXFileReference; fileEncoding = 4; lastKnownFileType = sourcecode.c.h; path = StoreViewController.h; sourceTree = "<group>"; };
		0A5FAE381F716DE300FE0A40 /* StoreViewController.m */ = {isa = PBXFileReference; fileEncoding = 4; lastKnownFileType = sourcecode.c.objc; path = StoreViewController.m; sourceTree = "<group>"; };
		0A5FAE3F1F716EA500FE0A40 /* StorePanelManagerNode.h */ = {isa = PBXFileReference; fileEncoding = 4; lastKnownFileType = sourcecode.c.h; path = StorePanelManagerNode.h; sourceTree = "<group>"; };
		0A5FAE401F716EA500FE0A40 /* StorePanelManagerNode.m */ = {isa = PBXFileReference; fileEncoding = 4; lastKnownFileType = sourcecode.c.objc; path = StorePanelManagerNode.m; sourceTree = "<group>"; };
		0A5FAE411F716EA500FE0A40 /* StorePanelNode.h */ = {isa = PBXFileReference; fileEncoding = 4; lastKnownFileType = sourcecode.c.h; path = StorePanelNode.h; sourceTree = "<group>"; };
		0A5FAE421F716EA500FE0A40 /* StorePanelNode.m */ = {isa = PBXFileReference; fileEncoding = 4; lastKnownFileType = sourcecode.c.objc; path = StorePanelNode.m; sourceTree = "<group>"; };
		0A5FAE461F716F5000FE0A40 /* selection-panel.png */ = {isa = PBXFileReference; lastKnownFileType = image.png; name = "selection-panel.png"; path = "Images/Selection/selection-panel.png"; sourceTree = "<group>"; };
		0A5FAE471F716F5000FE0A40 /* selectionArrowLeft.png */ = {isa = PBXFileReference; lastKnownFileType = image.png; name = selectionArrowLeft.png; path = Images/Selection/selectionArrowLeft.png; sourceTree = "<group>"; };
		0A5FAE481F716F5000FE0A40 /* selectionArrowRight.png */ = {isa = PBXFileReference; lastKnownFileType = image.png; name = selectionArrowRight.png; path = Images/Selection/selectionArrowRight.png; sourceTree = "<group>"; };
		0A5FAE4D1F71706200FE0A40 /* Game.h */ = {isa = PBXFileReference; fileEncoding = 4; lastKnownFileType = sourcecode.c.h; path = Game.h; sourceTree = "<group>"; };
		0A5FAE4E1F71706200FE0A40 /* Game.m */ = {isa = PBXFileReference; fileEncoding = 4; lastKnownFileType = sourcecode.c.objc; path = Game.m; sourceTree = "<group>"; };
		0A5FAE4F1F71706200FE0A40 /* GamesManager.h */ = {isa = PBXFileReference; fileEncoding = 4; lastKnownFileType = sourcecode.c.h; path = GamesManager.h; sourceTree = "<group>"; };
		0A5FAE501F71706200FE0A40 /* GamesManager.m */ = {isa = PBXFileReference; fileEncoding = 4; lastKnownFileType = sourcecode.c.objc; path = GamesManager.m; sourceTree = "<group>"; };
		0A5FAE551F71765B00FE0A40 /* restore-disabled.png */ = {isa = PBXFileReference; lastKnownFileType = image.png; name = "restore-disabled.png"; path = "Images/Store/restore-disabled.png"; sourceTree = "<group>"; };
		0A5FAE561F71765B00FE0A40 /* restore.png */ = {isa = PBXFileReference; lastKnownFileType = image.png; name = restore.png; path = Images/Store/restore.png; sourceTree = "<group>"; };
		0A5FAE571F71765B00FE0A40 /* shop-disabled.png */ = {isa = PBXFileReference; lastKnownFileType = image.png; name = "shop-disabled.png"; path = "Images/Store/shop-disabled.png"; sourceTree = "<group>"; };
		0A5FAE581F71765B00FE0A40 /* shop.png */ = {isa = PBXFileReference; lastKnownFileType = image.png; name = shop.png; path = Images/Store/shop.png; sourceTree = "<group>"; };
		0A5FAE591F71765B00FE0A40 /* store-open-closed.png */ = {isa = PBXFileReference; lastKnownFileType = image.png; name = "store-open-closed.png"; path = "Images/Store/store-open-closed.png"; sourceTree = "<group>"; };
		0A5FAE5A1F71765B00FE0A40 /* store-panel.png */ = {isa = PBXFileReference; lastKnownFileType = image.png; name = "store-panel.png"; path = "Images/Store/store-panel.png"; sourceTree = "<group>"; };
		0AE2EB291F72795C002D3E0B /* menu-close-x.png */ = {isa = PBXFileReference; lastKnownFileType = image.png; name = "menu-close-x.png"; path = "Images/menu-close-x.png"; sourceTree = "<group>"; };
		0AE2EB2A1F727A1D002D3E0B /* black-background.png */ = {isa = PBXFileReference; lastKnownFileType = image.png; name = "black-background.png"; path = "Images/black-background.png"; sourceTree = "<group>"; };
/* End PBXFileReference section */

/* Begin PBXFrameworksBuildPhase section */
		0A5FAD0F1F69205500FE0A40 /* Frameworks */ = {
			isa = PBXFrameworksBuildPhase;
			buildActionMask = 2147483647;
			files = (
				0A5FAE1E1F7124A600FE0A40 /* StoreKit.framework in Frameworks */,
				0A5FADDF1F6FD4AA00FE0A40 /* CoreGraphics.framework in Frameworks */,
				0A5FAE1C1F71230E00FE0A40 /* GameKit.framework in Frameworks */,
			);
			runOnlyForDeploymentPostprocessing = 0;
		};
		0A5FAD2A1F69205600FE0A40 /* Frameworks */ = {
			isa = PBXFrameworksBuildPhase;
			buildActionMask = 2147483647;
			files = (
			);
			runOnlyForDeploymentPostprocessing = 0;
		};
		0A5FAD351F69205600FE0A40 /* Frameworks */ = {
			isa = PBXFrameworksBuildPhase;
			buildActionMask = 2147483647;
			files = (
			);
			runOnlyForDeploymentPostprocessing = 0;
		};
/* End PBXFrameworksBuildPhase section */

/* Begin PBXGroup section */
		0A5FAD091F69205500FE0A40 = {
			isa = PBXGroup;
			children = (
				0A5FADE01F7084B700FE0A40 /* Settings.bundle */,
				0A5FAD141F69205500FE0A40 /* Rivers */,
				0A5FAD301F69205600FE0A40 /* RiversTests */,
				0A5FAD3B1F69205600FE0A40 /* RiversUITests */,
				0A5FAD131F69205500FE0A40 /* Products */,
				0A5FADDD1F6FD4AA00FE0A40 /* Frameworks */,
			);
			sourceTree = "<group>";
		};
		0A5FAD131F69205500FE0A40 /* Products */ = {
			isa = PBXGroup;
			children = (
				0A5FAD121F69205500FE0A40 /* Rivers.app */,
				0A5FAD2D1F69205600FE0A40 /* RiversTests.xctest */,
				0A5FAD381F69205600FE0A40 /* RiversUITests.xctest */,
			);
			name = Products;
			sourceTree = "<group>";
		};
		0A5FAD141F69205500FE0A40 /* Rivers */ = {
			isa = PBXGroup;
			children = (
				0A5FAD181F69205500FE0A40 /* AppDelegate.h */,
				0A5FAD191F69205500FE0A40 /* AppDelegate.m */,
				0A5FAD831F69669E00FE0A40 /* AppSpecificValues.h */,
				0A5FAD501F69258000FE0A40 /* Configuration.h */,
				0A5FAD4D1F69245C00FE0A40 /* DebugOptions.h */,
				0A5FAD4E1F69245C00FE0A40 /* DebugOptions.m */,
				0A5FAE111F71219700FE0A40 /* GameCenterManager.h */,
				0A5FAE121F71219700FE0A40 /* GameCenterManager.m */,
				0A5FAD841F69669E00FE0A40 /* GraphicsHelper.h */,
				0A5FAD851F69677900FE0A40 /* MathHelper.h */,
				0A5FAD511F69266100FE0A40 /* Types.h */,
				0A5FADDC1F6FCFA300FE0A40 /* Algorithms */,
				0A5FAE531F71709400FE0A40 /* Game */,
				0A5FAE251F71269D00FE0A40 /* InAppPurchase */,
				0A5FAE2A1F71287C00FE0A40 /* Leaderboard */,
				0A5FAD731F6965DC00FE0A40 /* Nodes */,
				0A5FAD4B1F6920D800FE0A40 /* Resources */,
				0A5FADCC1F6FB71200FE0A40 /* SoundManager */,
				0A5FADF81F710F0200FE0A40 /* Themes */,
				0A5FAD4A1F6920B600FE0A40 /* ViewControllers */,
				0A5FAD201F69205600FE0A40 /* Main.storyboard */,
				0A5FAD251F69205600FE0A40 /* LaunchScreen.storyboard */,
				0A5FAD281F69205600FE0A40 /* Info.plist */,
				0A5FAD151F69205500FE0A40 /* Supporting Files */,
			);
			path = Rivers;
			sourceTree = "<group>";
		};
		0A5FAD151F69205500FE0A40 /* Supporting Files */ = {
			isa = PBXGroup;
			children = (
				0A5FAD951F69757300FE0A40 /* InfoPlist.strings */,
				0A5FAD971F69757300FE0A40 /* Localizable.strings */,
				0A5FAD161F69205500FE0A40 /* main.m */,
			);
			name = "Supporting Files";
			sourceTree = "<group>";
		};
		0A5FAD301F69205600FE0A40 /* RiversTests */ = {
			isa = PBXGroup;
			children = (
				0A5FAD311F69205600FE0A40 /* RiversTests.m */,
				0A5FAD331F69205600FE0A40 /* Info.plist */,
			);
			path = RiversTests;
			sourceTree = "<group>";
		};
		0A5FAD3B1F69205600FE0A40 /* RiversUITests */ = {
			isa = PBXGroup;
			children = (
				0A5FAD3C1F69205600FE0A40 /* RiversUITests.m */,
				0A5FAD3E1F69205600FE0A40 /* Info.plist */,
			);
			path = RiversUITests;
			sourceTree = "<group>";
		};
		0A5FAD4A1F6920B600FE0A40 /* ViewControllers */ = {
			isa = PBXGroup;
			children = (
				0A5FAD561F6963CC00FE0A40 /* RiversViewController.h */,
				0A5FAD571F6963CC00FE0A40 /* RiversViewController.m */,
				0A5FAD4C1F69210A00FE0A40 /* Game */,
				0A5FAD591F69645100FE0A40 /* GridMenu */,
				0A5FAD521F692D6E00FE0A40 /* MainMenu */,
				0A5FADE21F710B9700FE0A40 /* Settings */,
				0A5FAE3D1F716DEE00FE0A40 /* Store */,
			);
			name = ViewControllers;
			sourceTree = "<group>";
		};
		0A5FAD4B1F6920D800FE0A40 /* Resources */ = {
			isa = PBXGroup;
			children = (
				0A5FADD01F6FB7DE00FE0A40 /* Graphics */,
				0A5FADD61F6FBBD900FE0A40 /* Music */,
				0A5FADD11F6FB7F200FE0A40 /* Sounds */,
			);
			name = Resources;
			sourceTree = "<group>";
		};
		0A5FAD4C1F69210A00FE0A40 /* Game */ = {
			isa = PBXGroup;
			children = (
				0A5FAD1D1F69205600FE0A40 /* GameSceneViewController.h */,
				0A5FAD1E1F69205600FE0A40 /* GameSceneViewController.m */,
			);
			name = Game;
			sourceTree = "<group>";
		};
		0A5FAD521F692D6E00FE0A40 /* MainMenu */ = {
			isa = PBXGroup;
			children = (
				0A5FAD531F692DB400FE0A40 /* MainMenuViewController.h */,
				0A5FAD541F692DB400FE0A40 /* MainMenuViewController.m */,
			);
			name = MainMenu;
			sourceTree = "<group>";
		};
		0A5FAD591F69645100FE0A40 /* GridMenu */ = {
			isa = PBXGroup;
			children = (
				0A5FAD631F6964C000FE0A40 /* MenuItemView */,
				0A5FAD5A1F69648A00FE0A40 /* GridMenuItem.h */,
				0A5FAD5B1F69648A00FE0A40 /* GridMenuItem.m */,
				0A5FAD5C1F69648A00FE0A40 /* GridMenuScrollView.h */,
				0A5FAD5D1F69648A00FE0A40 /* GridMenuScrollView.m */,
				0A5FAD5E1F69648A00FE0A40 /* GridMenuViewController.h */,
				0A5FAD5F1F69648A00FE0A40 /* GridMenuViewController.m */,
			);
			name = GridMenu;
			sourceTree = "<group>";
		};
		0A5FAD631F6964C000FE0A40 /* MenuItemView */ = {
			isa = PBXGroup;
			children = (
				0A5FAD701F69659E00FE0A40 /* MenuItemView.h */,
				0A5FAD711F69659E00FE0A40 /* MenuItemView.m */,
				0A5FAD641F69650800FE0A40 /* ImageMenuItemView.h */,
				0A5FAD651F69650800FE0A40 /* ImageMenuItemView.m */,
				0A5FAD661F69650800FE0A40 /* SliderMenuItemView.h */,
				0A5FAD671F69650800FE0A40 /* SliderMenuItemView.m */,
				0A5FAD681F69650800FE0A40 /* StepperMenuItemView.h */,
				0A5FAD691F69650800FE0A40 /* StepperMenuItemView.m */,
				0A5FAD6A1F69650800FE0A40 /* SwitchMenuItemView.h */,
				0A5FAD6B1F69650800FE0A40 /* SwitchMenuItemView.m */,
			);
			name = MenuItemView;
			sourceTree = "<group>";
		};
		0A5FAD731F6965DC00FE0A40 /* Nodes */ = {
			isa = PBXGroup;
			children = (
				0A5FAD741F69665700FE0A40 /* ActorNode.h */,
				0A5FAD751F69665700FE0A40 /* ActorNode.m */,
				0A5FAD761F69665700FE0A40 /* BackgroundNode.h */,
				0A5FAD771F69665700FE0A40 /* BackgroundNode.m */,
				0A5FAD781F69665700FE0A40 /* CameraNode.h */,
				0A5FAD791F69665700FE0A40 /* CameraNode.m */,
				0A5FAD7A1F69665700FE0A40 /* ImageNode.h */,
				0A5FAD7B1F69665700FE0A40 /* ImageNode.m */,
				0A5FAD7C1F69665700FE0A40 /* LabelNode.h */,
				0A5FAD7D1F69665700FE0A40 /* LabelNode.m */,
				0A5FAE1A1F7121D200FE0A40 /* Achievements */,
				0A5FAD861F696F0700FE0A40 /* Buttons */,
				0A5FAD8D1F696F3100FE0A40 /* Panels */,
				0A5FAE101F7120EF00FE0A40 /* MainMenu */,
				0A5FADEC1F710CC000FE0A40 /* Slider */,
				0A5FAE451F716EAC00FE0A40 /* Store */,
				0A5FAE011F71105700FE0A40 /* Themes */,
			);
			name = Nodes;
			sourceTree = "<group>";
		};
		0A5FAD861F696F0700FE0A40 /* Buttons */ = {
			isa = PBXGroup;
			children = (
				0A5FAD871F696F2600FE0A40 /* ButtonNode.h */,
				0A5FAD881F696F2600FE0A40 /* ButtonNode.m */,
				0A5FAD891F696F2600FE0A40 /* ImageButtonNode.h */,
				0A5FAD8A1F696F2600FE0A40 /* ImageButtonNode.m */,
			);
			name = Buttons;
			sourceTree = "<group>";
		};
		0A5FAD8D1F696F3100FE0A40 /* Panels */ = {
			isa = PBXGroup;
			children = (
				0A5FAD8E1F696F4300FE0A40 /* PanelNode.h */,
				0A5FAD8F1F696F4300FE0A40 /* PanelNode.m */,
			);
			name = Panels;
			sourceTree = "<group>";
		};
		0A5FADA71F6D2A3D00FE0A40 /* DebugMenu */ = {
			isa = PBXGroup;
			children = (
				0A5FADA81F6D2A5A00FE0A40 /* dm_arrow.png */,
				0A5FADA91F6D2A5A00FE0A40 /* dm_attachment.png */,
				0A5FADAA1F6D2A5A00FE0A40 /* dm_back.png */,
				0A5FADAB1F6D2A5A00FE0A40 /* dm_block.png */,
				0A5FADAC1F6D2A5A00FE0A40 /* dm_bluetooth.png */,
				0A5FADAD1F6D2A5A00FE0A40 /* dm_context.png */,
				0A5FADAE1F6D2A5A00FE0A40 /* dm_cube.png */,
				0A5FADAF1F6D2A5A00FE0A40 /* dm_download.png */,
				0A5FADB01F6D2A5A00FE0A40 /* dm_enter.png */,
				0A5FADB11F6D2A5A00FE0A40 /* dm_file.png */,
				0A5FADB21F6D2A5A00FE0A40 /* dm_github.png */,
				0A5FADB31F6D2A5A00FE0A40 /* dm_next.png */,
				0A5FADB41F6D2A5A00FE0A40 /* dm_pause.png */,
				0A5FADB51F6D2A5A00FE0A40 /* dm_previous.png */,
				0A5FADB61F6D2A5A00FE0A40 /* dm_reset.png */,
			);
			name = DebugMenu;
			sourceTree = "<group>";
		};
		0A5FADCC1F6FB71200FE0A40 /* SoundManager */ = {
			isa = PBXGroup;
			children = (
				0A5FADCD1F6FB7AE00FE0A40 /* SoundManager.h */,
				0A5FADCE1F6FB7AE00FE0A40 /* SoundManager.m */,
			);
			name = SoundManager;
			sourceTree = "<group>";
		};
		0A5FADD01F6FB7DE00FE0A40 /* Graphics */ = {
			isa = PBXGroup;
			children = (
				0A5FAD9D1F6C0D2C00FE0A40 /* Rivers-en.png */,
				0AE2EB291F72795C002D3E0B /* menu-close-x.png */,
				0A5FAE2F1F716C9200FE0A40 /* Achievements */,
				0A5FAE301F716CA200FE0A40 /* Background */,
				0A5FADA71F6D2A3D00FE0A40 /* DebugMenu */,
				0A5FAE4C1F716F5800FE0A40 /* Selection */,
				0A5FADED1F710DFC00FE0A40 /* Settings */,
				0A5FAE541F71764200FE0A40 /* Store */,
				0A5FAD1B1F69205600FE0A40 /* art.scnassets */,
				0A5FAD231F69205600FE0A40 /* Assets.xcassets */,
			);
			name = Graphics;
			sourceTree = "<group>";
		};
		0A5FADD11F6FB7F200FE0A40 /* Sounds */ = {
			isa = PBXGroup;
			children = (
				0A5FAE2B1F714FD600FE0A40 /* achievement.wav */,
				0A5FADD21F6FBAD400FE0A40 /* home_panel.wav */,
				0A5FADD31F6FBAD400FE0A40 /* menu_selection.wav */,
				0A5FAE0B1F71122B00FE0A40 /* selection_slide.wav */,
			);
			name = Sounds;
			sourceTree = "<group>";
		};
		0A5FADD61F6FBBD900FE0A40 /* Music */ = {
			isa = PBXGroup;
			children = (
				0A5FADD71F6FBC2500FE0A40 /* main_menu.m4a */,
			);
			name = Music;
			sourceTree = "<group>";
		};
		0A5FADDC1F6FCFA300FE0A40 /* Algorithms */ = {
			isa = PBXGroup;
			children = (
				0A5FADD91F6FCF8E00FE0A40 /* AStar.h */,
				0A5FADDA1F6FCF8E00FE0A40 /* AStar.m */,
			);
			name = Algorithms;
			sourceTree = "<group>";
		};
		0A5FADDD1F6FD4AA00FE0A40 /* Frameworks */ = {
			isa = PBXGroup;
			children = (
				0A5FAE1D1F7124A600FE0A40 /* StoreKit.framework */,
				0A5FAE1B1F71230E00FE0A40 /* GameKit.framework */,
				0A5FADDE1F6FD4AA00FE0A40 /* CoreGraphics.framework */,
			);
			name = Frameworks;
			sourceTree = "<group>";
		};
		0A5FADE21F710B9700FE0A40 /* Settings */ = {
			isa = PBXGroup;
			children = (
				0A5FADE31F710BD400FE0A40 /* SettingsViewController.h */,
				0A5FADE41F710BD400FE0A40 /* SettingsViewController.m */,
			);
			name = Settings;
			sourceTree = "<group>";
		};
		0A5FADEC1F710CC000FE0A40 /* Slider */ = {
			isa = PBXGroup;
			children = (
				0A5FADE61F710CB800FE0A40 /* SliderNode.h */,
				0A5FADE71F710CB800FE0A40 /* SliderNode.m */,
				0A5FADE81F710CB800FE0A40 /* VolumeSliderNode.h */,
				0A5FADE91F710CB800FE0A40 /* VolumeSliderNode.m */,
			);
			name = Slider;
			sourceTree = "<group>";
		};
		0A5FADED1F710DFC00FE0A40 /* Settings */ = {
			isa = PBXGroup;
			children = (
				0A5FADEE1F710E1B00FE0A40 /* settings-panel.png */,
				0A5FADEF1F710E1B00FE0A40 /* slider_bar.png */,
				0A5FADF01F710E1B00FE0A40 /* slider_selection.png */,
				0A5FADF11F710E1B00FE0A40 /* speaker_high.png */,
				0A5FADF21F710E1B00FE0A40 /* speaker_low.png */,
			);
			name = Settings;
			sourceTree = "<group>";
		};
		0A5FADF81F710F0200FE0A40 /* Themes */ = {
			isa = PBXGroup;
			children = (
				0A5FADFC1F710F9100FE0A40 /* Theme.h */,
				0A5FADFD1F710F9100FE0A40 /* Theme.m */,
				0A5FADFE1F710F9100FE0A40 /* themes_v2.plist */,
				0A5FADF91F710F6C00FE0A40 /* ThemeManager.h */,
				0A5FADFA1F710F6C00FE0A40 /* ThemeManager.m */,
			);
			name = Themes;
			sourceTree = "<group>";
		};
		0A5FAE011F71105700FE0A40 /* Themes */ = {
			isa = PBXGroup;
			children = (
				0A5FAE021F71108400FE0A40 /* ThemeBoxManagerNode.h */,
				0A5FAE031F71108400FE0A40 /* ThemeBoxManagerNode.m */,
				0A5FAE041F71108400FE0A40 /* ThemePanelManagerNode.h */,
				0A5FAE051F71108400FE0A40 /* ThemePanelManagerNode.m */,
				0A5FAE061F71108400FE0A40 /* ThemePanelNode.h */,
				0A5FAE071F71108400FE0A40 /* ThemePanelNode.m */,
			);
			name = Themes;
			sourceTree = "<group>";
		};
		0A5FAE101F7120EF00FE0A40 /* MainMenu */ = {
			isa = PBXGroup;
			children = (
				0A5FAE0D1F7120E900FE0A40 /* MainMenuNode.h */,
				0A5FAE0E1F7120E900FE0A40 /* MainMenuNode.m */,
			);
			name = MainMenu;
			sourceTree = "<group>";
		};
		0A5FAE1A1F7121D200FE0A40 /* Achievements */ = {
			isa = PBXGroup;
			children = (
				0A5FAE141F7121C800FE0A40 /* AchievementPopupManagerNode.h */,
				0A5FAE151F7121C800FE0A40 /* AchievementPopupManagerNode.m */,
				0A5FAE161F7121C800FE0A40 /* AchievementPopupNode.h */,
				0A5FAE171F7121C800FE0A40 /* AchievementPopupNode.m */,
			);
			name = Achievements;
			sourceTree = "<group>";
		};
		0A5FAE251F71269D00FE0A40 /* InAppPurchase */ = {
			isa = PBXGroup;
			children = (
				0A5FAE1F1F71267300FE0A40 /* InAppPurchase.h */,
				0A5FAE201F71267300FE0A40 /* InAppPurchase.m */,
				0A5FAE211F71267300FE0A40 /* InAppPurchasesManager.h */,
				0A5FAE221F71267300FE0A40 /* InAppPurchasesManager.m */,
			);
			name = InAppPurchase;
			sourceTree = "<group>";
		};
		0A5FAE291F71287100FE0A40 /* Model */ = {
			isa = PBXGroup;
			children = (
				0A5FAE261F71286700FE0A40 /* LeaderboardModel.h */,
				0A5FAE271F71286700FE0A40 /* LeaderboardModel.m */,
			);
			name = Model;
			sourceTree = "<group>";
		};
		0A5FAE2A1F71287C00FE0A40 /* Leaderboard */ = {
			isa = PBXGroup;
			children = (
				0A5FAE291F71287100FE0A40 /* Model */,
			);
			name = Leaderboard;
			sourceTree = "<group>";
		};
		0A5FAE2F1F716C9200FE0A40 /* Achievements */ = {
			isa = PBXGroup;
			children = (
				0A5FAE2D1F716C8900FE0A40 /* achievements.png */,
			);
			name = Achievements;
			sourceTree = "<group>";
		};
		0A5FAE301F716CA200FE0A40 /* Background */ = {
			isa = PBXGroup;
			children = (
				0A5FADC81F6F1D8300FE0A40 /* gray-background.png */,
				0AE2EB2A1F727A1D002D3E0B /* black-background.png */,
			);
			name = Background;
			sourceTree = "<group>";
		};
		0A5FAE3D1F716DEE00FE0A40 /* Store */ = {
			isa = PBXGroup;
			children = (
				0A5FAE3E1F716E1800FE0A40 /* Purchases */,
				0A5FAE371F716DE300FE0A40 /* StoreViewController.h */,
				0A5FAE381F716DE300FE0A40 /* StoreViewController.m */,
			);
			name = Store;
			sourceTree = "<group>";
		};
		0A5FAE3E1F716E1800FE0A40 /* Purchases */ = {
			isa = PBXGroup;
			children = (
				0A5FAE311F716DE300FE0A40 /* Consumable.h */,
				0A5FAE321F716DE300FE0A40 /* Consumable.m */,
				0A5FAE331F716DE300FE0A40 /* ConsumablePurchasesController.h */,
				0A5FAE341F716DE300FE0A40 /* ConsumablePurchasesController.m */,
				0A5FAE351F716DE300FE0A40 /* MasterKeysConsumable.h */,
				0A5FAE361F716DE300FE0A40 /* MasterKeysConsumable.m */,
			);
			name = Purchases;
			sourceTree = "<group>";
		};
		0A5FAE451F716EAC00FE0A40 /* Store */ = {
			isa = PBXGroup;
			children = (
				0A5FAE3F1F716EA500FE0A40 /* StorePanelManagerNode.h */,
				0A5FAE401F716EA500FE0A40 /* StorePanelManagerNode.m */,
				0A5FAE411F716EA500FE0A40 /* StorePanelNode.h */,
				0A5FAE421F716EA500FE0A40 /* StorePanelNode.m */,
			);
			name = Store;
			sourceTree = "<group>";
		};
		0A5FAE4C1F716F5800FE0A40 /* Selection */ = {
			isa = PBXGroup;
			children = (
				0A5FAE461F716F5000FE0A40 /* selection-panel.png */,
				0A5FAE471F716F5000FE0A40 /* selectionArrowLeft.png */,
				0A5FAE481F716F5000FE0A40 /* selectionArrowRight.png */,
			);
			name = Selection;
			sourceTree = "<group>";
		};
		0A5FAE531F71709400FE0A40 /* Game */ = {
			isa = PBXGroup;
			children = (
				0A5FAE4D1F71706200FE0A40 /* Game.h */,
				0A5FAE4E1F71706200FE0A40 /* Game.m */,
				0A5FAE4F1F71706200FE0A40 /* GamesManager.h */,
				0A5FAE501F71706200FE0A40 /* GamesManager.m */,
			);
			name = Game;
			sourceTree = "<group>";
		};
		0A5FAE541F71764200FE0A40 /* Store */ = {
			isa = PBXGroup;
			children = (
				0A5FAE551F71765B00FE0A40 /* restore-disabled.png */,
				0A5FAE561F71765B00FE0A40 /* restore.png */,
				0A5FAE571F71765B00FE0A40 /* shop-disabled.png */,
				0A5FAE581F71765B00FE0A40 /* shop.png */,
				0A5FAE591F71765B00FE0A40 /* store-open-closed.png */,
				0A5FAE5A1F71765B00FE0A40 /* store-panel.png */,
			);
			name = Store;
			sourceTree = "<group>";
		};
/* End PBXGroup section */

/* Begin PBXNativeTarget section */
		0A5FAD111F69205500FE0A40 /* Rivers */ = {
			isa = PBXNativeTarget;
			buildConfigurationList = 0A5FAD411F69205600FE0A40 /* Build configuration list for PBXNativeTarget "Rivers" */;
			buildPhases = (
				0A5FAD0E1F69205500FE0A40 /* Sources */,
				0A5FAD0F1F69205500FE0A40 /* Frameworks */,
				0A5FAD101F69205500FE0A40 /* Resources */,
			);
			buildRules = (
			);
			dependencies = (
			);
			name = Rivers;
			productName = Rivers;
			productReference = 0A5FAD121F69205500FE0A40 /* Rivers.app */;
			productType = "com.apple.product-type.application";
		};
		0A5FAD2C1F69205600FE0A40 /* RiversTests */ = {
			isa = PBXNativeTarget;
			buildConfigurationList = 0A5FAD441F69205600FE0A40 /* Build configuration list for PBXNativeTarget "RiversTests" */;
			buildPhases = (
				0A5FAD291F69205600FE0A40 /* Sources */,
				0A5FAD2A1F69205600FE0A40 /* Frameworks */,
				0A5FAD2B1F69205600FE0A40 /* Resources */,
			);
			buildRules = (
			);
			dependencies = (
				0A5FAD2F1F69205600FE0A40 /* PBXTargetDependency */,
			);
			name = RiversTests;
			productName = RiversTests;
			productReference = 0A5FAD2D1F69205600FE0A40 /* RiversTests.xctest */;
			productType = "com.apple.product-type.bundle.unit-test";
		};
		0A5FAD371F69205600FE0A40 /* RiversUITests */ = {
			isa = PBXNativeTarget;
			buildConfigurationList = 0A5FAD471F69205600FE0A40 /* Build configuration list for PBXNativeTarget "RiversUITests" */;
			buildPhases = (
				0A5FAD341F69205600FE0A40 /* Sources */,
				0A5FAD351F69205600FE0A40 /* Frameworks */,
				0A5FAD361F69205600FE0A40 /* Resources */,
			);
			buildRules = (
			);
			dependencies = (
				0A5FAD3A1F69205600FE0A40 /* PBXTargetDependency */,
			);
			name = RiversUITests;
			productName = RiversUITests;
			productReference = 0A5FAD381F69205600FE0A40 /* RiversUITests.xctest */;
			productType = "com.apple.product-type.bundle.ui-testing";
		};
/* End PBXNativeTarget section */

/* Begin PBXProject section */
		0A5FAD0A1F69205500FE0A40 /* Project object */ = {
			isa = PBXProject;
			attributes = {
				LastUpgradeCheck = 0830;
				ORGANIZATIONNAME = Cidrosoft;
				TargetAttributes = {
					0A5FAD111F69205500FE0A40 = {
						CreatedOnToolsVersion = 8.3.3;
						DevelopmentTeam = G383QJKTQ7;
						ProvisioningStyle = Automatic;
						SystemCapabilities = {
							com.apple.GameCenter = {
								enabled = 1;
							};
							com.apple.InAppPurchase = {
								enabled = 1;
							};
						};
					};
					0A5FAD2C1F69205600FE0A40 = {
						CreatedOnToolsVersion = 8.3.3;
						DevelopmentTeam = G383QJKTQ7;
						ProvisioningStyle = Automatic;
						TestTargetID = 0A5FAD111F69205500FE0A40;
					};
					0A5FAD371F69205600FE0A40 = {
						CreatedOnToolsVersion = 8.3.3;
						DevelopmentTeam = G383QJKTQ7;
						ProvisioningStyle = Automatic;
						TestTargetID = 0A5FAD111F69205500FE0A40;
					};
				};
			};
			buildConfigurationList = 0A5FAD0D1F69205500FE0A40 /* Build configuration list for PBXProject "Rivers" */;
			compatibilityVersion = "Xcode 3.2";
			developmentRegion = English;
			hasScannedForEncodings = 0;
			knownRegions = (
				en,
				Base,
			);
			mainGroup = 0A5FAD091F69205500FE0A40;
			productRefGroup = 0A5FAD131F69205500FE0A40 /* Products */;
			projectDirPath = "";
			projectRoot = "";
			targets = (
				0A5FAD111F69205500FE0A40 /* Rivers */,
				0A5FAD2C1F69205600FE0A40 /* RiversTests */,
				0A5FAD371F69205600FE0A40 /* RiversUITests */,
			);
		};
/* End PBXProject section */

/* Begin PBXResourcesBuildPhase section */
		0A5FAD101F69205500FE0A40 /* Resources */ = {
			isa = PBXResourcesBuildPhase;
			buildActionMask = 2147483647;
			files = (
				0A5FADD81F6FBDB700FE0A40 /* main_menu.m4a in Resources */,
				0A5FADBE1F6D2A5A00FE0A40 /* dm_download.png in Resources */,
				0A5FADC31F6D2A5A00FE0A40 /* dm_pause.png in Resources */,
				0A5FAE2E1F716C8900FE0A40 /* achievements.png in Resources */,
				0A5FAD1C1F69205600FE0A40 /* art.scnassets in Resources */,
				0A5FADBB1F6D2A5A00FE0A40 /* dm_bluetooth.png in Resources */,
				0A5FADF61F710E1B00FE0A40 /* speaker_high.png in Resources */,
				0A5FADF51F710E1B00FE0A40 /* slider_selection.png in Resources */,
				0A5FAE5B1F71765B00FE0A40 /* restore-disabled.png in Resources */,
				0A5FAD9A1F69757300FE0A40 /* Localizable.strings in Resources */,
				0A5FADB71F6D2A5A00FE0A40 /* dm_arrow.png in Resources */,
				0A5FAE5C1F71765B00FE0A40 /* restore.png in Resources */,
				0A5FADD41F6FBAD400FE0A40 /* home_panel.wav in Resources */,
				0A5FAE4A1F716F5000FE0A40 /* selectionArrowLeft.png in Resources */,
				0A5FAD271F69205600FE0A40 /* LaunchScreen.storyboard in Resources */,
				0A5FADC41F6D2A5A00FE0A40 /* dm_previous.png in Resources */,
				0A5FAE5E1F71765B00FE0A40 /* shop.png in Resources */,
				0A5FADBA1F6D2A5A00FE0A40 /* dm_block.png in Resources */,
				0A5FAE601F71765B00FE0A40 /* store-panel.png in Resources */,
				0A5FAD241F69205600FE0A40 /* Assets.xcassets in Resources */,
				0A5FAD221F69205600FE0A40 /* Main.storyboard in Resources */,
				0A5FAD9E1F6C0D2C00FE0A40 /* Rivers-en.png in Resources */,
				0A5FADC51F6D2A5A00FE0A40 /* dm_reset.png in Resources */,
				0A5FADF41F710E1B00FE0A40 /* slider_bar.png in Resources */,
				0A5FAE5F1F71765B00FE0A40 /* store-open-closed.png in Resources */,
				0A5FAE001F710F9100FE0A40 /* themes_v2.plist in Resources */,
				0A5FAE5D1F71765B00FE0A40 /* shop-disabled.png in Resources */,
				0A5FAE0C1F71122B00FE0A40 /* selection_slide.wav in Resources */,
				0A5FADF31F710E1B00FE0A40 /* settings-panel.png in Resources */,
				0A5FADC21F6D2A5A00FE0A40 /* dm_next.png in Resources */,
				0A5FADBC1F6D2A5A00FE0A40 /* dm_context.png in Resources */,
				0A5FADC91F6F1D8300FE0A40 /* gray-background.png in Resources */,
				0A5FAD991F69757300FE0A40 /* InfoPlist.strings in Resources */,
				0A5FAE491F716F5000FE0A40 /* selection-panel.png in Resources */,
				0A5FADD51F6FBAD400FE0A40 /* menu_selection.wav in Resources */,
				0A5FADBD1F6D2A5A00FE0A40 /* dm_cube.png in Resources */,
				0A5FADC11F6D2A5A00FE0A40 /* dm_github.png in Resources */,
				0A5FADBF1F6D2A5A00FE0A40 /* dm_enter.png in Resources */,
				0A5FADC01F6D2A5A00FE0A40 /* dm_file.png in Resources */,
				0A5FADB81F6D2A5A00FE0A40 /* dm_attachment.png in Resources */,
				0A5FAE4B1F716F5000FE0A40 /* selectionArrowRight.png in Resources */,
				0A5FAE2C1F714FD600FE0A40 /* achievement.wav in Resources */,
				0A5FADE11F7084B700FE0A40 /* Settings.bundle in Resources */,
				0A5FADF71F710E1B00FE0A40 /* speaker_low.png in Resources */,
				0A5FADB91F6D2A5A00FE0A40 /* dm_back.png in Resources */,
			);
			runOnlyForDeploymentPostprocessing = 0;
		};
		0A5FAD2B1F69205600FE0A40 /* Resources */ = {
			isa = PBXResourcesBuildPhase;
			buildActionMask = 2147483647;
			files = (
			);
			runOnlyForDeploymentPostprocessing = 0;
		};
		0A5FAD361F69205600FE0A40 /* Resources */ = {
			isa = PBXResourcesBuildPhase;
			buildActionMask = 2147483647;
			files = (
			);
			runOnlyForDeploymentPostprocessing = 0;
		};
/* End PBXResourcesBuildPhase section */

/* Begin PBXSourcesBuildPhase section */
		0A5FAD0E1F69205500FE0A40 /* Sources */ = {
			isa = PBXSourcesBuildPhase;
			buildActionMask = 2147483647;
			files = (
				0A5FAE431F716EA500FE0A40 /* StorePanelManagerNode.m in Sources */,
				0A5FAE391F716DE300FE0A40 /* Consumable.m in Sources */,
				0A5FAE091F71108400FE0A40 /* ThemePanelManagerNode.m in Sources */,
				0A5FAD6F1F69650800FE0A40 /* SwitchMenuItemView.m in Sources */,
				0A5FAD8B1F696F2600FE0A40 /* ButtonNode.m in Sources */,
				0A5FAD7F1F69665700FE0A40 /* BackgroundNode.m in Sources */,
				0A5FAE441F716EA500FE0A40 /* StorePanelNode.m in Sources */,
				0A5FAD801F69665700FE0A40 /* CameraNode.m in Sources */,
				0A5FAD4F1F69245C00FE0A40 /* DebugOptions.m in Sources */,
				0A5FAD721F69659E00FE0A40 /* MenuItemView.m in Sources */,
				0A5FAD6D1F69650800FE0A40 /* SliderMenuItemView.m in Sources */,
				0A5FADCF1F6FB7AE00FE0A40 /* SoundManager.m in Sources */,
				0A5FAD6E1F69650800FE0A40 /* StepperMenuItemView.m in Sources */,
				0A5FAD811F69665700FE0A40 /* ImageNode.m in Sources */,
				0A5FAD601F69648A00FE0A40 /* GridMenuItem.m in Sources */,
				0A5FAD901F696F4300FE0A40 /* PanelNode.m in Sources */,
				0A5FAE231F71267300FE0A40 /* InAppPurchase.m in Sources */,
				0A5FAD8C1F696F2600FE0A40 /* ImageButtonNode.m in Sources */,
				0A5FAE241F71267300FE0A40 /* InAppPurchasesManager.m in Sources */,
				0A5FAD7E1F69665700FE0A40 /* ActorNode.m in Sources */,
				0A5FAE521F71706200FE0A40 /* GamesManager.m in Sources */,
				0A5FAD581F6963CC00FE0A40 /* RiversViewController.m in Sources */,
				0A5FAE3A1F716DE300FE0A40 /* ConsumablePurchasesController.m in Sources */,
				0A5FAE131F71219700FE0A40 /* GameCenterManager.m in Sources */,
				0A5FADFB1F710F6C00FE0A40 /* ThemeManager.m in Sources */,
				0A5FAD1A1F69205500FE0A40 /* AppDelegate.m in Sources */,
				0A5FAD621F69648A00FE0A40 /* GridMenuViewController.m in Sources */,
				0A5FADFF1F710F9100FE0A40 /* Theme.m in Sources */,
				0A5FAE0A1F71108400FE0A40 /* ThemePanelNode.m in Sources */,
				0A5FAE081F71108400FE0A40 /* ThemeBoxManagerNode.m in Sources */,
				0A5FAE511F71706200FE0A40 /* Game.m in Sources */,
				0A5FAD611F69648A00FE0A40 /* GridMenuScrollView.m in Sources */,
				0A5FAE281F71286700FE0A40 /* LeaderboardModel.m in Sources */,
				0A5FAE181F7121C800FE0A40 /* AchievementPopupManagerNode.m in Sources */,
				0A5FADEA1F710CB800FE0A40 /* SliderNode.m in Sources */,
				0A5FADEB1F710CB800FE0A40 /* VolumeSliderNode.m in Sources */,
				0A5FAD1F1F69205600FE0A40 /* GameSceneViewController.m in Sources */,
				0A5FAD821F69665700FE0A40 /* LabelNode.m in Sources */,
				0A5FAD171F69205500FE0A40 /* main.m in Sources */,
				0A5FADDB1F6FCF8E00FE0A40 /* AStar.m in Sources */,
				0A5FADE51F710BD400FE0A40 /* SettingsViewController.m in Sources */,
				0A5FAE191F7121C800FE0A40 /* AchievementPopupNode.m in Sources */,
				0A5FAE0F1F7120E900FE0A40 /* MainMenuNode.m in Sources */,
				0A5FAD6C1F69650800FE0A40 /* ImageMenuItemView.m in Sources */,
				0A5FAE3B1F716DE300FE0A40 /* MasterKeysConsumable.m in Sources */,
				0A5FAD551F692DB400FE0A40 /* MainMenuViewController.m in Sources */,
				0A5FAE3C1F716DE300FE0A40 /* StoreViewController.m in Sources */,
			);
			runOnlyForDeploymentPostprocessing = 0;
		};
		0A5FAD291F69205600FE0A40 /* Sources */ = {
			isa = PBXSourcesBuildPhase;
			buildActionMask = 2147483647;
			files = (
				0A5FAD321F69205600FE0A40 /* RiversTests.m in Sources */,
			);
			runOnlyForDeploymentPostprocessing = 0;
		};
		0A5FAD341F69205600FE0A40 /* Sources */ = {
			isa = PBXSourcesBuildPhase;
			buildActionMask = 2147483647;
			files = (
				0A5FAD3D1F69205600FE0A40 /* RiversUITests.m in Sources */,
			);
			runOnlyForDeploymentPostprocessing = 0;
		};
/* End PBXSourcesBuildPhase section */

/* Begin PBXTargetDependency section */
		0A5FAD2F1F69205600FE0A40 /* PBXTargetDependency */ = {
			isa = PBXTargetDependency;
			target = 0A5FAD111F69205500FE0A40 /* Rivers */;
			targetProxy = 0A5FAD2E1F69205600FE0A40 /* PBXContainerItemProxy */;
		};
		0A5FAD3A1F69205600FE0A40 /* PBXTargetDependency */ = {
			isa = PBXTargetDependency;
			target = 0A5FAD111F69205500FE0A40 /* Rivers */;
			targetProxy = 0A5FAD391F69205600FE0A40 /* PBXContainerItemProxy */;
		};
/* End PBXTargetDependency section */

/* Begin PBXVariantGroup section */
		0A5FAD201F69205600FE0A40 /* Main.storyboard */ = {
			isa = PBXVariantGroup;
			children = (
				0A5FAD211F69205600FE0A40 /* Base */,
			);
			name = Main.storyboard;
			sourceTree = "<group>";
		};
		0A5FAD251F69205600FE0A40 /* LaunchScreen.storyboard */ = {
			isa = PBXVariantGroup;
			children = (
				0A5FAD261F69205600FE0A40 /* Base */,
			);
			name = LaunchScreen.storyboard;
			sourceTree = "<group>";
		};
		0A5FAD951F69757300FE0A40 /* InfoPlist.strings */ = {
			isa = PBXVariantGroup;
			children = (
				0A5FAD961F69757300FE0A40 /* en */,
				0A5FAD9B1F69757A00FE0A40 /* Base */,
			);
			name = InfoPlist.strings;
			sourceTree = "<group>";
		};
		0A5FAD971F69757300FE0A40 /* Localizable.strings */ = {
			isa = PBXVariantGroup;
			children = (
				0A5FAD981F69757300FE0A40 /* en */,
				0A5FAD9C1F69758600FE0A40 /* Base */,
			);
			name = Localizable.strings;
			sourceTree = "<group>";
		};
/* End PBXVariantGroup section */

/* Begin XCBuildConfiguration section */
		0A5FAD3F1F69205600FE0A40 /* Debug */ = {
			isa = XCBuildConfiguration;
			buildSettings = {
				ALWAYS_SEARCH_USER_PATHS = NO;
				CLANG_ANALYZER_NONNULL = YES;
				CLANG_ANALYZER_NUMBER_OBJECT_CONVERSION = YES_AGGRESSIVE;
				CLANG_CXX_LANGUAGE_STANDARD = "gnu++0x";
				CLANG_CXX_LIBRARY = "libc++";
				CLANG_ENABLE_MODULES = YES;
				CLANG_ENABLE_OBJC_ARC = YES;
				CLANG_WARN_BOOL_CONVERSION = YES;
				CLANG_WARN_CONSTANT_CONVERSION = YES;
				CLANG_WARN_DIRECT_OBJC_ISA_USAGE = YES_ERROR;
				CLANG_WARN_DOCUMENTATION_COMMENTS = YES;
				CLANG_WARN_EMPTY_BODY = YES;
				CLANG_WARN_ENUM_CONVERSION = YES;
				CLANG_WARN_INFINITE_RECURSION = YES;
				CLANG_WARN_INT_CONVERSION = YES;
				CLANG_WARN_OBJC_ROOT_CLASS = YES_ERROR;
				CLANG_WARN_SUSPICIOUS_MOVE = YES;
				CLANG_WARN_UNREACHABLE_CODE = YES;
				CLANG_WARN__DUPLICATE_METHOD_MATCH = YES;
				"CODE_SIGN_IDENTITY[sdk=iphoneos*]" = "iPhone Developer";
				COPY_PHASE_STRIP = NO;
				DEBUG_INFORMATION_FORMAT = dwarf;
				ENABLE_STRICT_OBJC_MSGSEND = YES;
				ENABLE_TESTABILITY = YES;
				GCC_C_LANGUAGE_STANDARD = gnu99;
				GCC_DYNAMIC_NO_PIC = NO;
				GCC_NO_COMMON_BLOCKS = YES;
				GCC_OPTIMIZATION_LEVEL = 0;
				GCC_PREPROCESSOR_DEFINITIONS = (
					"DEBUG=1",
					"$(inherited)",
				);
				GCC_WARN_64_TO_32_BIT_CONVERSION = YES;
				GCC_WARN_ABOUT_RETURN_TYPE = YES_ERROR;
				GCC_WARN_UNDECLARED_SELECTOR = YES;
				GCC_WARN_UNINITIALIZED_AUTOS = YES_AGGRESSIVE;
				GCC_WARN_UNUSED_FUNCTION = YES;
				GCC_WARN_UNUSED_VARIABLE = YES;
				IPHONEOS_DEPLOYMENT_TARGET = 8.4;
				MTL_ENABLE_DEBUG_INFO = YES;
				ONLY_ACTIVE_ARCH = YES;
				SDKROOT = iphoneos;
				TARGETED_DEVICE_FAMILY = "1,2";
			};
			name = Debug;
		};
		0A5FAD401F69205600FE0A40 /* Release */ = {
			isa = XCBuildConfiguration;
			buildSettings = {
				ALWAYS_SEARCH_USER_PATHS = NO;
				CLANG_ANALYZER_NONNULL = YES;
				CLANG_ANALYZER_NUMBER_OBJECT_CONVERSION = YES_AGGRESSIVE;
				CLANG_CXX_LANGUAGE_STANDARD = "gnu++0x";
				CLANG_CXX_LIBRARY = "libc++";
				CLANG_ENABLE_MODULES = YES;
				CLANG_ENABLE_OBJC_ARC = YES;
				CLANG_WARN_BOOL_CONVERSION = YES;
				CLANG_WARN_CONSTANT_CONVERSION = YES;
				CLANG_WARN_DIRECT_OBJC_ISA_USAGE = YES_ERROR;
				CLANG_WARN_DOCUMENTATION_COMMENTS = YES;
				CLANG_WARN_EMPTY_BODY = YES;
				CLANG_WARN_ENUM_CONVERSION = YES;
				CLANG_WARN_INFINITE_RECURSION = YES;
				CLANG_WARN_INT_CONVERSION = YES;
				CLANG_WARN_OBJC_ROOT_CLASS = YES_ERROR;
				CLANG_WARN_SUSPICIOUS_MOVE = YES;
				CLANG_WARN_UNREACHABLE_CODE = YES;
				CLANG_WARN__DUPLICATE_METHOD_MATCH = YES;
				"CODE_SIGN_IDENTITY[sdk=iphoneos*]" = "iPhone Developer";
				COPY_PHASE_STRIP = NO;
				DEBUG_INFORMATION_FORMAT = "dwarf-with-dsym";
				ENABLE_NS_ASSERTIONS = NO;
				ENABLE_STRICT_OBJC_MSGSEND = YES;
				GCC_C_LANGUAGE_STANDARD = gnu99;
				GCC_NO_COMMON_BLOCKS = YES;
				GCC_WARN_64_TO_32_BIT_CONVERSION = YES;
				GCC_WARN_ABOUT_RETURN_TYPE = YES_ERROR;
				GCC_WARN_UNDECLARED_SELECTOR = YES;
				GCC_WARN_UNINITIALIZED_AUTOS = YES_AGGRESSIVE;
				GCC_WARN_UNUSED_FUNCTION = YES;
				GCC_WARN_UNUSED_VARIABLE = YES;
				IPHONEOS_DEPLOYMENT_TARGET = 8.4;
				MTL_ENABLE_DEBUG_INFO = NO;
				SDKROOT = iphoneos;
				TARGETED_DEVICE_FAMILY = "1,2";
				VALIDATE_PRODUCT = YES;
			};
			name = Release;
		};
		0A5FAD421F69205600FE0A40 /* Debug */ = {
			isa = XCBuildConfiguration;
			buildSettings = {
				ASSETCATALOG_COMPILER_APPICON_NAME = AppIcon;
				DEVELOPMENT_TEAM = G383QJKTQ7;
				INFOPLIST_FILE = Rivers/Info.plist;
				IPHONEOS_DEPLOYMENT_TARGET = 8.4;
				LD_RUNPATH_SEARCH_PATHS = "$(inherited) @executable_path/Frameworks";
				PRODUCT_BUNDLE_IDENTIFIER = com.cidrosoft.Rivers;
				PRODUCT_NAME = "$(TARGET_NAME)";
			};
			name = Debug;
		};
		0A5FAD431F69205600FE0A40 /* Release */ = {
			isa = XCBuildConfiguration;
			buildSettings = {
				ASSETCATALOG_COMPILER_APPICON_NAME = AppIcon;
				DEVELOPMENT_TEAM = G383QJKTQ7;
				INFOPLIST_FILE = Rivers/Info.plist;
				IPHONEOS_DEPLOYMENT_TARGET = 8.4;
				LD_RUNPATH_SEARCH_PATHS = "$(inherited) @executable_path/Frameworks";
				PRODUCT_BUNDLE_IDENTIFIER = com.cidrosoft.Rivers;
				PRODUCT_NAME = "$(TARGET_NAME)";
			};
			name = Release;
		};
		0A5FAD451F69205600FE0A40 /* Debug */ = {
			isa = XCBuildConfiguration;
			buildSettings = {
				BUNDLE_LOADER = "$(TEST_HOST)";
				DEVELOPMENT_TEAM = G383QJKTQ7;
				INFOPLIST_FILE = RiversTests/Info.plist;
				LD_RUNPATH_SEARCH_PATHS = "$(inherited) @executable_path/Frameworks @loader_path/Frameworks";
				PRODUCT_BUNDLE_IDENTIFIER = com.cidrosoft.RiversTests;
				PRODUCT_NAME = "$(TARGET_NAME)";
				TEST_HOST = "$(BUILT_PRODUCTS_DIR)/Rivers.app/Rivers";
			};
			name = Debug;
		};
		0A5FAD461F69205600FE0A40 /* Release */ = {
			isa = XCBuildConfiguration;
			buildSettings = {
				BUNDLE_LOADER = "$(TEST_HOST)";
				DEVELOPMENT_TEAM = G383QJKTQ7;
				INFOPLIST_FILE = RiversTests/Info.plist;
				LD_RUNPATH_SEARCH_PATHS = "$(inherited) @executable_path/Frameworks @loader_path/Frameworks";
				PRODUCT_BUNDLE_IDENTIFIER = com.cidrosoft.RiversTests;
				PRODUCT_NAME = "$(TARGET_NAME)";
				TEST_HOST = "$(BUILT_PRODUCTS_DIR)/Rivers.app/Rivers";
			};
			name = Release;
		};
		0A5FAD481F69205600FE0A40 /* Debug */ = {
			isa = XCBuildConfiguration;
			buildSettings = {
				DEVELOPMENT_TEAM = G383QJKTQ7;
				INFOPLIST_FILE = RiversUITests/Info.plist;
				LD_RUNPATH_SEARCH_PATHS = "$(inherited) @executable_path/Frameworks @loader_path/Frameworks";
				PRODUCT_BUNDLE_IDENTIFIER = com.cidrosoft.RiversUITests;
				PRODUCT_NAME = "$(TARGET_NAME)";
				TEST_TARGET_NAME = Rivers;
			};
			name = Debug;
		};
		0A5FAD491F69205600FE0A40 /* Release */ = {
			isa = XCBuildConfiguration;
			buildSettings = {
				DEVELOPMENT_TEAM = G383QJKTQ7;
				INFOPLIST_FILE = RiversUITests/Info.plist;
				LD_RUNPATH_SEARCH_PATHS = "$(inherited) @executable_path/Frameworks @loader_path/Frameworks";
				PRODUCT_BUNDLE_IDENTIFIER = com.cidrosoft.RiversUITests;
				PRODUCT_NAME = "$(TARGET_NAME)";
				TEST_TARGET_NAME = Rivers;
			};
			name = Release;
		};
/* End XCBuildConfiguration section */

/* Begin XCConfigurationList section */
		0A5FAD0D1F69205500FE0A40 /* Build configuration list for PBXProject "Rivers" */ = {
			isa = XCConfigurationList;
			buildConfigurations = (
				0A5FAD3F1F69205600FE0A40 /* Debug */,
				0A5FAD401F69205600FE0A40 /* Release */,
			);
			defaultConfigurationIsVisible = 0;
			defaultConfigurationName = Release;
		};
		0A5FAD411F69205600FE0A40 /* Build configuration list for PBXNativeTarget "Rivers" */ = {
			isa = XCConfigurationList;
			buildConfigurations = (
				0A5FAD421F69205600FE0A40 /* Debug */,
				0A5FAD431F69205600FE0A40 /* Release */,
			);
			defaultConfigurationIsVisible = 0;
			defaultConfigurationName = Release;
		};
		0A5FAD441F69205600FE0A40 /* Build configuration list for PBXNativeTarget "RiversTests" */ = {
			isa = XCConfigurationList;
			buildConfigurations = (
				0A5FAD451F69205600FE0A40 /* Debug */,
				0A5FAD461F69205600FE0A40 /* Release */,
			);
			defaultConfigurationIsVisible = 0;
			defaultConfigurationName = Release;
		};
		0A5FAD471F69205600FE0A40 /* Build configuration list for PBXNativeTarget "RiversUITests" */ = {
			isa = XCConfigurationList;
			buildConfigurations = (
				0A5FAD481F69205600FE0A40 /* Debug */,
				0A5FAD491F69205600FE0A40 /* Release */,
			);
			defaultConfigurationIsVisible = 0;
			defaultConfigurationName = Release;
		};
/* End XCConfigurationList section */
	};
	rootObject = 0A5FAD0A1F69205500FE0A40 /* Project object */;
}
